// !$*UTF8*$!
{
	archiveVersion = 1;
	classes = {
	};
	objectVersion = 77;
	objects = {

/* Begin PBXBuildFile section */
		15D268A29E1CF5BCE1F3DE1A /* ServiceDetailViewModel.swift in Sources */ = {isa = PBXBuildFile; fileRef = 769A5D0A3BE0DA1958836649 /* ServiceDetailViewModel.swift */; };
		2210B20B2F7EC8760015CB1A /* Date+ActivityFormatting.swift in Sources */ = {isa = PBXBuildFile; fileRef = 2210B20A2F7EC8760015CB1A /* Date+ActivityFormatting.swift */; };
		2210B20E2F7EC8AE0015CB1A /* DashboardViewModel.swift in Sources */ = {isa = PBXBuildFile; fileRef = 2210B20C2F7EC8AE0015CB1A /* DashboardViewModel.swift */; };
		2210B2222F7FFB7D0015CB1A /* PostJobReviewSheet.swift in Sources */ = {isa = PBXBuildFile; fileRef = 2210B2202F7FFB7D0015CB1A /* PostJobReviewSheet.swift */; };
		2210B2232F7FFB7D0015CB1A /* CompletionConfirmationSheet.swift in Sources */ = {isa = PBXBuildFile; fileRef = 2210B21E2F7FFB7D0015CB1A /* CompletionConfirmationSheet.swift */; };
		2210B2242F7FFB7D0015CB1A /* MarkJobDoneView.swift in Sources */ = {isa = PBXBuildFile; fileRef = 2210B21F2F7FFB7D0015CB1A /* MarkJobDoneView.swift */; };
		2210B2282F7FFBEE0015CB1A /* SearchViewModel.swift in Sources */ = {isa = PBXBuildFile; fileRef = 2210B2272F7FFBEE0015CB1A /* SearchViewModel.swift */; };
		2210B22A2F7FFBF40015CB1A /* ChatDetailViewModel.swift in Sources */ = {isa = PBXBuildFile; fileRef = 2210B2292F7FFBF40015CB1A /* ChatDetailViewModel.swift */; };
		2210B22C2F7FFC030015CB1A /* CompletionRequestBanner.swift in Sources */ = {isa = PBXBuildFile; fileRef = 2210B22B2F7FFC030015CB1A /* CompletionRequestBanner.swift */; };
		2210B2312F7FFC190015CB1A /* MockStorageService.swift in Sources */ = {isa = PBXBuildFile; fileRef = 2210B22E2F7FFC190015CB1A /* MockStorageService.swift */; };
		2210B2322F7FFC190015CB1A /* MockFirestoreService.swift in Sources */ = {isa = PBXBuildFile; fileRef = 2210B22D2F7FFC190015CB1A /* MockFirestoreService.swift */; };
		2224E8DE2F6837BE008B556F /* ServiceCategoryGroup.swift in Sources */ = {isa = PBXBuildFile; fileRef = 2224E8DC2F6837BE008B556F /* ServiceCategoryGroup.swift */; };
		2224E8DF2F6837BE008B556F /* ServiceValidator.swift in Sources */ = {isa = PBXBuildFile; fileRef = 2224E8DD2F6837BE008B556F /* ServiceValidator.swift */; };
		2224E8E12F6837DA008B556F /* ListenerManager.swift in Sources */ = {isa = PBXBuildFile; fileRef = 2224E8E02F6837DA008B556F /* ListenerManager.swift */; };
		2225174A2F7AD2F200F99714 /* AuthProvider.swift in Sources */ = {isa = PBXBuildFile; fileRef = 222517492F7AD2F200F99714 /* AuthProvider.swift */; };
		2225174C2F7AD40C00F99714 /* StateKey.swift in Sources */ = {isa = PBXBuildFile; fileRef = 2225174B2F7AD40C00F99714 /* StateKey.swift */; };
		2225174E2F7B001600F99714 /* ProviderCoordinator.swift in Sources */ = {isa = PBXBuildFile; fileRef = 2225174D2F7B001600F99714 /* ProviderCoordinator.swift */; };
		222517542F7B092000F99714 /* ServiceListCard.swift in Sources */ = {isa = PBXBuildFile; fileRef = 222517532F7B092000F99714 /* ServiceListCard.swift */; };
		2236A16E2F50949000A7A19F /* DesignSystemButtons.swift in Sources */ = {isa = PBXBuildFile; fileRef = 2236A13C2F50949000A7A19F /* DesignSystemButtons.swift */; };
		2236A16F2F50949000A7A19F /* Colors Themes.swift in Sources */ = {isa = PBXBuildFile; fileRef = 2236A13E2F50949000A7A19F /* Colors Themes.swift */; };
		2236A1702F50949000A7A19F /* Provider.swift in Sources */ = {isa = PBXBuildFile; fileRef = 2236A13F2F50949000A7A19F /* Provider.swift */; };
		2236A1712F50949000A7A19F /* Semantic Colors.swift in Sources */ = {isa = PBXBuildFile; fileRef = 2236A1402F50949000A7A19F /* Semantic Colors.swift */; };
		2236A1722F50949000A7A19F /* Tokens.swift in Sources */ = {isa = PBXBuildFile; fileRef = 2236A1412F50949000A7A19F /* Tokens.swift */; };
		2236A1732F50949000A7A19F /* ServiceCard.swift in Sources */ = {isa = PBXBuildFile; fileRef = 2236A1432F50949000A7A19F /* ServiceCard.swift */; };
		2236A1862F50949000A7A19F /* ServiceDetailView.swift in Sources */ = {isa = PBXBuildFile; fileRef = 2236A1612F50949000A7A19F /* ServiceDetailView.swift */; };
		2236A1872F50949000A7A19F /* BrowseJobs.swift in Sources */ = {isa = PBXBuildFile; fileRef = 2236A1652F50949000A7A19F /* BrowseJobs.swift */; };
		2236A1882F50949000A7A19F /* ChatView.swift in Sources */ = {isa = PBXBuildFile; fileRef = 2236A1662F50949000A7A19F /* ChatView.swift */; };
		2236A1892F50949000A7A19F /* DashboardView.swift in Sources */ = {isa = PBXBuildFile; fileRef = 2236A1672F50949000A7A19F /* DashboardView.swift */; };
		2236A18A2F50949000A7A19F /* AppliedJobsView.swift in Sources */ = {isa = PBXBuildFile; fileRef = 2236A1682F50949000A7A19F /* AppliedJobsView.swift */; };
		2236A18B2F50949000A7A19F /* ProfileView.swift in Sources */ = {isa = PBXBuildFile; fileRef = 2236A1692F50949000A7A19F /* ProfileView.swift */; };
		2236A18C2F50949000A7A19F /* Assets.xcassets in Resources */ = {isa = PBXBuildFile; fileRef = 2236A1482F50949000A7A19F /* Assets.xcassets */; };
		2236A18D2F50949000A7A19F /* Saadni.icon in Resources */ = {isa = PBXBuildFile; fileRef = 2236A1492F50949000A7A19F /* Saadni.icon */; };
		2236A19A2F50ADED00A7A19F /* FirebaseAuth in Frameworks */ = {isa = PBXBuildFile; productRef = 2236A1992F50ADED00A7A19F /* FirebaseAuth */; };
		2236A19C2F50ADED00A7A19F /* FirebaseCore in Frameworks */ = {isa = PBXBuildFile; productRef = 2236A19B2F50ADED00A7A19F /* FirebaseCore */; };
		2236A19E2F50ADED00A7A19F /* FirebaseDatabase in Frameworks */ = {isa = PBXBuildFile; productRef = 2236A19D2F50ADED00A7A19F /* FirebaseDatabase */; };
		2236A1A02F50ADED00A7A19F /* FirebaseFirestore in Frameworks */ = {isa = PBXBuildFile; productRef = 2236A19F2F50ADED00A7A19F /* FirebaseFirestore */; };
		2236A1A22F50ADED00A7A19F /* FirebaseMessaging in Frameworks */ = {isa = PBXBuildFile; productRef = 2236A1A12F50ADED00A7A19F /* FirebaseMessaging */; };
		2236A1A42F50ADED00A7A19F /* FirebaseRemoteConfig in Frameworks */ = {isa = PBXBuildFile; productRef = 2236A1A32F50ADED00A7A19F /* FirebaseRemoteConfig */; };
		2236A1A62F50ADED00A7A19F /* FirebaseStorage in Frameworks */ = {isa = PBXBuildFile; productRef = 2236A1A52F50ADED00A7A19F /* FirebaseStorage */; };
		2236A1B22F5321E300A7A19F /* ApplicationsStore.swift in Sources */ = {isa = PBXBuildFile; fileRef = 2236A1B02F5321E300A7A19F /* ApplicationsStore.swift */; };
		2236A1B32F5321E300A7A19F /* User.swift in Sources */ = {isa = PBXBuildFile; fileRef = 2236A1AE2F5321E300A7A19F /* User.swift */; };
		2236A1B42F5321E300A7A19F /* AuthenticationManager.swift in Sources */ = {isa = PBXBuildFile; fileRef = 2236A1A72F5321E300A7A19F /* AuthenticationManager.swift */; };
		2236A1B52F5321E300A7A19F /* StorageService.swift in Sources */ = {isa = PBXBuildFile; fileRef = 2236A1AB2F5321E300A7A19F /* StorageService.swift */; };
		2236A1B62F5321E300A7A19F /* JobApplication.swift in Sources */ = {isa = PBXBuildFile; fileRef = 2236A1AD2F5321E300A7A19F /* JobApplication.swift */; };
		2236A1B72F5321E300A7A19F /* FirestoreService.swift in Sources */ = {isa = PBXBuildFile; fileRef = 2236A1AA2F5321E300A7A19F /* FirestoreService.swift */; };
		2236A1BA2F53220400A7A19F /* ApplicationBadge.swift in Sources */ = {isa = PBXBuildFile; fileRef = 2236A1B92F53220400A7A19F /* ApplicationBadge.swift */; };
		2236A1D32F53281E00A7A19F /* AuthenticationView.swift in Sources */ = {isa = PBXBuildFile; fileRef = 2236A1D02F53281E00A7A19F /* AuthenticationView.swift */; };
		224421AF2F6066E800241E1C /* ServicesStore.swift in Sources */ = {isa = PBXBuildFile; fileRef = 224421AE2F6066E800241E1C /* ServicesStore.swift */; };
		224421B12F60784600241E1C /* RoleOptionCard.swift in Sources */ = {isa = PBXBuildFile; fileRef = 224421B02F60784600241E1C /* RoleOptionCard.swift */; };
		224421B32F61DDA400241E1C /* JobService.swift in Sources */ = {isa = PBXBuildFile; fileRef = 224421B22F61DDA400241E1C /* JobService.swift */; };
		224421B52F61DE9D00241E1C /* UserCache.swift in Sources */ = {isa = PBXBuildFile; fileRef = 224421B42F61DE9D00241E1C /* UserCache.swift */; };
		224421BD2F62CD3600241E1C /* ServiceImage.swift in Sources */ = {isa = PBXBuildFile; fileRef = 224421BA2F62CD3600241E1C /* ServiceImage.swift */; };
		224421BE2F62CD3600241E1C /* ServiceCategoryType.swift in Sources */ = {isa = PBXBuildFile; fileRef = 224421B92F62CD3600241E1C /* ServiceCategoryType.swift */; };
		224421BF2F62CD3600241E1C /* ServiceStatus.swift in Sources */ = {isa = PBXBuildFile; fileRef = 224421BC2F62CD3600241E1C /* ServiceStatus.swift */; };
		224421C02F62CD3600241E1C /* ServiceLocation.swift in Sources */ = {isa = PBXBuildFile; fileRef = 224421BB2F62CD3600241E1C /* ServiceLocation.swift */; };
		224421C22F62CD8800241E1C /* ImagePickerSheet.swift in Sources */ = {isa = PBXBuildFile; fileRef = 224421C12F62CD8800241E1C /* ImagePickerSheet.swift */; };
		224421C42F62D1F800241E1C /* ProfileMenuRow.swift in Sources */ = {isa = PBXBuildFile; fileRef = 224421C32F62D1F800241E1C /* ProfileMenuRow.swift */; };
		224421C72F6304BB00241E1C /* WalletSheet.swift in Sources */ = {isa = PBXBuildFile; fileRef = 224421C62F6304BB00241E1C /* WalletSheet.swift */; };
		224421C92F63079B00241E1C /* HomeActivityCard.swift in Sources */ = {isa = PBXBuildFile; fileRef = 224421C82F63079B00241E1C /* HomeActivityCard.swift */; };
		224421CE2F63226D00241E1C /* CarouselCard.swift in Sources */ = {isa = PBXBuildFile; fileRef = 224421CD2F63226D00241E1C /* CarouselCard.swift */; };
		224421D62F63368D00241E1C /* Review.swift in Sources */ = {isa = PBXBuildFile; fileRef = 224421D32F63368D00241E1C /* Review.swift */; };
		224421D72F63368D00241E1C /* ReviewsStore.swift in Sources */ = {isa = PBXBuildFile; fileRef = 224421D42F63368D00241E1C /* ReviewsStore.swift */; };
		224421D92F6337CC00241E1C /* ServiceCompletionView.swift in Sources */ = {isa = PBXBuildFile; fileRef = 224421D82F6337CC00241E1C /* ServiceCompletionView.swift */; };
		224421EA2F63393F00241E1C /* StarRatingPicker.swift in Sources */ = {isa = PBXBuildFile; fileRef = 224421E82F63393F00241E1C /* StarRatingPicker.swift */; };
		224421EB2F63393F00241E1C /* AppliedServiceCard.swift in Sources */ = {isa = PBXBuildFile; fileRef = 224421E52F63393F00241E1C /* AppliedServiceCard.swift */; };
		224421ED2F63393F00241E1C /* ReviewCard.swift in Sources */ = {isa = PBXBuildFile; fileRef = 224421E62F63393F00241E1C /* ReviewCard.swift */; };
		224421EE2F63393F00241E1C /* ReviewSummaryView.swift in Sources */ = {isa = PBXBuildFile; fileRef = 224421E72F63393F00241E1C /* ReviewSummaryView.swift */; };
		224421EF2F63393F00241E1C /* ApplicationStatusBadge.swift in Sources */ = {isa = PBXBuildFile; fileRef = 224421E42F63393F00241E1C /* ApplicationStatusBadge.swift */; };
		224421F72F633AEA00241E1C /* SubmitReviewSheet.swift in Sources */ = {isa = PBXBuildFile; fileRef = 224421F32F633AEA00241E1C /* SubmitReviewSheet.swift */; };
		224421FC2F63435300241E1C /* myJobs.swift in Sources */ = {isa = PBXBuildFile; fileRef = 224421FB2F63435300241E1C /* myJobs.swift */; };
		224421FE2F633B0000241E1C /* CompletedServicesView.swift in Sources */ = {isa = PBXBuildFile; fileRef = 224421FD2F633B0000241E1C /* CompletedServicesView.swift */; };
		224421FF2F633B0000241E1C /* UserReviewsView.swift in Sources */ = {isa = PBXBuildFile; fileRef = 224421FC2F633B0000241E1C /* UserReviewsView.swift */; };
		224422012F634D8400241E1C /* CreateJobTab6.swift in Sources */ = {isa = PBXBuildFile; fileRef = 224422002F634D8400241E1C /* CreateJobTab6.swift */; };
		224422062F634EBE00241E1C /* TypingIndicator.swift in Sources */ = {isa = PBXBuildFile; fileRef = 224422042F634EBE00241E1C /* TypingIndicator.swift */; };
		224422072F634EBE00241E1C /* Conversation.swift in Sources */ = {isa = PBXBuildFile; fileRef = 224422022F634EBE00241E1C /* Conversation.swift */; };
		224422082F634EBE00241E1C /* Message.swift in Sources */ = {isa = PBXBuildFile; fileRef = 224422032F634EBE00241E1C /* Message.swift */; };
		2244220A2F634EEC00241E1C /* MessagesStore.swift in Sources */ = {isa = PBXBuildFile; fileRef = 224422092F634EEC00241E1C /* MessagesStore.swift */; };
		2244220C2F634EFC00241E1C /* ConversationsStore.swift in Sources */ = {isa = PBXBuildFile; fileRef = 2244220B2F634EFC00241E1C /* ConversationsStore.swift */; };
		2244220E2F634F4700241E1C /* NotificationService.swift in Sources */ = {isa = PBXBuildFile; fileRef = 2244220D2F634F4700241E1C /* NotificationService.swift */; };
		224422112F634FE100241E1C /* MessageBubble.swift in Sources */ = {isa = PBXBuildFile; fileRef = 2244220F2F634FE100241E1C /* MessageBubble.swift */; };
		224422122F634FE100241E1C /* TypingIndicatorView.swift in Sources */ = {isa = PBXBuildFile; fileRef = 224422102F634FE100241E1C /* TypingIndicatorView.swift */; };
		224422162F63500B00241E1C /* ChatDetailView.swift in Sources */ = {isa = PBXBuildFile; fileRef = 224422132F63500B00241E1C /* ChatDetailView.swift */; };
		224422172F63500B00241E1C /* ChatListView.swift in Sources */ = {isa = PBXBuildFile; fileRef = 224422142F63500B00241E1C /* ChatListView.swift */; };
		2244221E2F63523F00241E1C /* AppCoordinator.swift in Sources */ = {isa = PBXBuildFile; fileRef = 224422182F63523F00241E1C /* AppCoordinator.swift */; };
		2244221F2F63523F00241E1C /* NavigationDestinations.swift in Sources */ = {isa = PBXBuildFile; fileRef = 2244221A2F63523F00241E1C /* NavigationDestinations.swift */; };
		224422202F63523F00241E1C /* StudentCoordinator.swift in Sources */ = {isa = PBXBuildFile; fileRef = 2244221B2F63523F00241E1C /* StudentCoordinator.swift */; };
		224422252F64397F00241E1C /* JobServiceFirestoreMapper.swift in Sources */ = {isa = PBXBuildFile; fileRef = 224422232F64397F00241E1C /* JobServiceFirestoreMapper.swift */; };
		224422262F64397F00241E1C /* ServiceActivity.swift in Sources */ = {isa = PBXBuildFile; fileRef = 224422242F64397F00241E1C /* ServiceActivity.swift */; };
		224422282F64397F00241E1C /* JobService+SampleData.swift in Sources */ = {isa = PBXBuildFile; fileRef = 224422222F64397F00241E1C /* JobService+SampleData.swift */; };
		2244222D2F6439AD00241E1C /* User+Formatting.swift in Sources */ = {isa = PBXBuildFile; fileRef = 224422292F6439AD00241E1C /* User+Formatting.swift */; };
		2244222E2F6439AD00241E1C /* UserScoreCalculator.swift in Sources */ = {isa = PBXBuildFile; fileRef = 2244222B2F6439AD00241E1C /* UserScoreCalculator.swift */; };
		2244222F2F6439AD00241E1C /* UserValueObjects.swift in Sources */ = {isa = PBXBuildFile; fileRef = 2244222C2F6439AD00241E1C /* UserValueObjects.swift */; };
		224422302F6439AD00241E1C /* User+Permissions.swift in Sources */ = {isa = PBXBuildFile; fileRef = 2244222A2F6439AD00241E1C /* User+Permissions.swift */; };
		224422382F643AB700241E1C /* ProfileViewModel.swift in Sources */ = {isa = PBXBuildFile; fileRef = 224422362F643AB700241E1C /* ProfileViewModel.swift */; };
		224422392F643AB700241E1C /* AccountMenuSection.swift in Sources */ = {isa = PBXBuildFile; fileRef = 224422312F643AB700241E1C /* AccountMenuSection.swift */; };
		2244223A2F643AB700241E1C /* WorkManagementSection.swift in Sources */ = {isa = PBXBuildFile; fileRef = 224422342F643AB700241E1C /* WorkManagementSection.swift */; };
		2244223B2F643AB700241E1C /* ProfileHeaderView.swift in Sources */ = {isa = PBXBuildFile; fileRef = 224422322F643AB700241E1C /* ProfileHeaderView.swift */; };
		2244223C2F643AB700241E1C /* RoleSwitcherView.swift in Sources */ = {isa = PBXBuildFile; fileRef = 224422332F643AB700241E1C /* RoleSwitcherView.swift */; };
		224422432F643ADC00241E1C /* InputState.swift in Sources */ = {isa = PBXBuildFile; fileRef = 224422422F643ADC00241E1C /* InputState.swift */; };
		224422442F643ADC00241E1C /* BrandPasswordField.swift in Sources */ = {isa = PBXBuildFile; fileRef = 2244223E2F643ADC00241E1C /* BrandPasswordField.swift */; };
		224422452F643ADC00241E1C /* BrandSearchField.swift in Sources */ = {isa = PBXBuildFile; fileRef = 2244223F2F643ADC00241E1C /* BrandSearchField.swift */; };
		224422462F643ADC00241E1C /* BrandNumericalField.swift in Sources */ = {isa = PBXBuildFile; fileRef = 2244223D2F643ADC00241E1C /* BrandNumericalField.swift */; };
		224422472F643ADC00241E1C /* BrandTextEditor.swift in Sources */ = {isa = PBXBuildFile; fileRef = 224422402F643ADC00241E1C /* BrandTextEditor.swift */; };
		224422482F643ADC00241E1C /* BrandTextField.swift in Sources */ = {isa = PBXBuildFile; fileRef = 224422412F643ADC00241E1C /* BrandTextField.swift */; };
		2244224C2F643FE000241E1C /* Transaction.swift in Sources */ = {isa = PBXBuildFile; fileRef = 224422492F643FE000241E1C /* Transaction.swift */; };
		2244224D2F643FE000241E1C /* WalletStore.swift in Sources */ = {isa = PBXBuildFile; fileRef = 2244224A2F643FE000241E1C /* WalletStore.swift */; };
		2264A02D2F4C6C110004B2B4 /* README.md in Resources */ = {isa = PBXBuildFile; fileRef = 2264A02C2F4C6C110004B2B4 /* README.md */; };
		226B50092F646C1B00C09676 /* AppContainer.swift in Sources */ = {isa = PBXBuildFile; fileRef = 226B50082F646C1B00C09676 /* AppContainer.swift */; };
		226B500C2F658D0B00C09676 /* CreateJobSummaryModal.swift in Sources */ = {isa = PBXBuildFile; fileRef = 226B500A2F658D0B00C09676 /* CreateJobSummaryModal.swift */; };
		226B500D2F658D0B00C09676 /* JobPublishedSuccessModal.swift in Sources */ = {isa = PBXBuildFile; fileRef = 226B500B2F658D0B00C09676 /* JobPublishedSuccessModal.swift */; };
		226B50102F65A5F700C09676 /* Kingfisher in Frameworks */ = {isa = PBXBuildFile; productRef = 226B500F2F65A5F700C09676 /* Kingfisher */; };
		226B50142F65D05900C09676 /* ErrorHandler.swift in Sources */ = {isa = PBXBuildFile; fileRef = 226B50122F65D05900C09676 /* ErrorHandler.swift */; };
		226B50152F65D05900C09676 /* AppError.swift in Sources */ = {isa = PBXBuildFile; fileRef = 226B50112F65D05900C09676 /* AppError.swift */; };
		226B501B2F65D0B600C09676 /* StorageProvider.swift in Sources */ = {isa = PBXBuildFile; fileRef = 226B50182F65D0B600C09676 /* StorageProvider.swift */; };
		226B501C2F65D0B600C09676 /* FirestoreProvider.swift in Sources */ = {isa = PBXBuildFile; fileRef = 226B50172F65D0B600C09676 /* FirestoreProvider.swift */; };
		226B50262F66234D00C09676 /* ErrorStateView.swift in Sources */ = {isa = PBXBuildFile; fileRef = 226B50242F66234D00C09676 /* ErrorStateView.swift */; };
		226B50272F66234D00C09676 /* ServiceCategoryCard.swift in Sources */ = {isa = PBXBuildFile; fileRef = 226B50252F66234D00C09676 /* ServiceCategoryCard.swift */; };
		227C499B2F6D5982001E2381 /* MyAddressesView.swift in Sources */ = {isa = PBXBuildFile; fileRef = 227C499A2F6D5981001E2381 /* MyAddressesView.swift */; };
		227C499F2F6D7F54001E2381 /* onBoarding.gif in Resources */ = {isa = PBXBuildFile; fileRef = 227C499E2F6D7F54001E2381 /* onBoarding.gif */; };
		227C49A32F72D40A001E2381 /* Localizable.xcstrings in Resources */ = {isa = PBXBuildFile; fileRef = 227C49A22F72D40A001E2381 /* Localizable.xcstrings */; };
		22A1B3C12F9000AA00BB1234 /* HireRoleRow.swift in Sources */ = {isa = PBXBuildFile; fileRef = 22A1B3C02F9000AA00BB1234 /* HireRoleRow.swift */; };
		22C198B42F78097E00555D41 /* ApplicantCard.swift in Sources */ = {isa = PBXBuildFile; fileRef = 22C198B32F78097E00555D41 /* ApplicantCard.swift */; };
		22C198B62F78099D00555D41 /* ProfileCompletionPopup.swift in Sources */ = {isa = PBXBuildFile; fileRef = 22C198B52F78099D00555D41 /* ProfileCompletionPopup.swift */; };
		22C198B92F7809AE00555D41 /* UserProfileSheet.swift in Sources */ = {isa = PBXBuildFile; fileRef = 22C198B82F7809AE00555D41 /* UserProfileSheet.swift */; };
		22C198BA2F7809AE00555D41 /* EditProfileSheet.swift in Sources */ = {isa = PBXBuildFile; fileRef = 22C198B72F7809AE00555D41 /* EditProfileSheet.swift */; };
		22C198BD2F784C0E00555D41 /* CustomCalendarWithJobIndicators.swift in Sources */ = {isa = PBXBuildFile; fileRef = 22C198BC2F784C0E00555D41 /* CustomCalendarWithJobIndicators.swift */; };
		22C198C22F7974E100555D41 /* Notification.swift in Sources */ = {isa = PBXBuildFile; fileRef = 22C198BE2F7974E100555D41 /* Notification.swift */; };
		22C198C32F7974E100555D41 /* NotificationType.swift in Sources */ = {isa = PBXBuildFile; fileRef = 22C198BF2F7974E100555D41 /* NotificationType.swift */; };
		22C198CC2F79759400555D41 /* FCMService.swift in Sources */ = {isa = PBXBuildFile; fileRef = 22C198C42F79759400555D41 /* FCMService.swift */; };
		22C198CD2F79759400555D41 /* NotificationCardView.swift in Sources */ = {isa = PBXBuildFile; fileRef = 22C198C92F79759400555D41 /* NotificationCardView.swift */; };
		22C198CE2F79759400555D41 /* NotificationBadgeView.swift in Sources */ = {isa = PBXBuildFile; fileRef = 22C198C82F79759400555D41 /* NotificationBadgeView.swift */; };
		22C198CF2F79759400555D41 /* NotificationsStore.swift in Sources */ = {isa = PBXBuildFile; fileRef = 22C198C62F79759400555D41 /* NotificationsStore.swift */; };
		22C198D02F79759400555D41 /* NotificationDrawerView.swift in Sources */ = {isa = PBXBuildFile; fileRef = 22C198CA2F79759400555D41 /* NotificationDrawerView.swift */; };
		22C198D22F7975AF00555D41 /* NotificationPreferences.swift in Sources */ = {isa = PBXBuildFile; fileRef = 22C198D12F7975AF00555D41 /* NotificationPreferences.swift */; };
		22C198D52F79784100555D41 /* NotificationsStoreKey.swift in Sources */ = {isa = PBXBuildFile; fileRef = 22C198D32F79784100555D41 /* NotificationsStoreKey.swift */; };
		22D6C2B52F53589E0071BAC9 /* GoogleService-Info.plist in Resources */ = {isa = PBXBuildFile; fileRef = 22D6C2B42F53589E0071BAC9 /* GoogleService-Info.plist */; };
		22EFE4002F6AA98C00C5EBBB /* AppDelegate.swift in Sources */ = {isa = PBXBuildFile; fileRef = 22EFE3FF2F6AA98C00C5EBBB /* AppDelegate.swift */; };
		22FD35F52F55F5CE00AF3127 /* LaunchScreen.swift in Sources */ = {isa = PBXBuildFile; fileRef = 22FD35F32F55F5CE00AF3127 /* LaunchScreen.swift */; };
		22FD36CC2F56F64D00AF3127 /* OnboardingView.swift in Sources */ = {isa = PBXBuildFile; fileRef = 22FD36CB2F56F64D00AF3127 /* OnboardingView.swift */; };
		22FD36D22F5714F900AF3127 /* RoleSelectionView.swift in Sources */ = {isa = PBXBuildFile; fileRef = 22FD36D02F5714F900AF3127 /* RoleSelectionView.swift */; };
		22FD36D32F5714F900AF3127 /* NeedWork.swift in Sources */ = {isa = PBXBuildFile; fileRef = 22FD36D12F5714F900AF3127 /* NeedWork.swift */; };
		22FD36D42F5714F900AF3127 /* JobProvider.swift in Sources */ = {isa = PBXBuildFile; fileRef = 22FD36CF2F5714F900AF3127 /* JobProvider.swift */; };
		22FD36DB2F57168300AF3127 /* AppStateManager.swift in Sources */ = {isa = PBXBuildFile; fileRef = 22FD36D72F57168300AF3127 /* AppStateManager.swift */; };
		22FD36DC2F57168300AF3127 /* MainView.swift in Sources */ = {isa = PBXBuildFile; fileRef = 22FD36D82F57168300AF3127 /* MainView.swift */; };
		22FD36DD2F57168300AF3127 /* SaadniApp.swift in Sources */ = {isa = PBXBuildFile; fileRef = 22FD36D92F57168300AF3127 /* SaadniApp.swift */; };
		22FD36E22F571CE800AF3127 /* HomeView.swift in Sources */ = {isa = PBXBuildFile; fileRef = 22FD36E12F571CE800AF3127 /* HomeView.swift */; };
		22FD36EB2F573A7600AF3127 /* SectionHeader.swift in Sources */ = {isa = PBXBuildFile; fileRef = 22FD36E42F573A7600AF3127 /* SectionHeader.swift */; };
		22FD36F42F57418600AF3127 /* ConfettiView.swift in Sources */ = {isa = PBXBuildFile; fileRef = 22FD36ED2F57418600AF3127 /* ConfettiView.swift */; };
		22FD36F52F57418600AF3127 /* CreateJobSheet.swift in Sources */ = {isa = PBXBuildFile; fileRef = 22FD36EE2F57418600AF3127 /* CreateJobSheet.swift */; };
		22FD36F62F57418600AF3127 /* CreateJobTab4.swift in Sources */ = {isa = PBXBuildFile; fileRef = 22FD36F22F57418600AF3127 /* CreateJobTab4.swift */; };
		22FD36F72F57418600AF3127 /* CreateJobTab1.swift in Sources */ = {isa = PBXBuildFile; fileRef = 22FD36EF2F57418600AF3127 /* CreateJobTab1.swift */; };
		22FD36F82F57418600AF3127 /* CreateJobTab3.swift in Sources */ = {isa = PBXBuildFile; fileRef = 22FD36F12F57418600AF3127 /* CreateJobTab3.swift */; };
		22FD36F92F57418600AF3127 /* CreateJobTab5.swift in Sources */ = {isa = PBXBuildFile; fileRef = 22FD36F32F57418600AF3127 /* CreateJobTab5.swift */; };
		22FD36FA2F57418600AF3127 /* CreateJobTab2.swift in Sources */ = {isa = PBXBuildFile; fileRef = 22FD36F02F57418600AF3127 /* CreateJobTab2.swift */; };
		22FD36FC2F5741B200AF3127 /* CreateJobViewModel.swift in Sources */ = {isa = PBXBuildFile; fileRef = 22FD36FB2F5741B200AF3127 /* CreateJobViewModel.swift */; };
		67F896F47A8A27668A50486B /* ApplyJobSheet.swift in Sources */ = {isa = PBXBuildFile; fileRef = 45BC149627222C2D5C260DB3 /* ApplyJobSheet.swift */; };
		AA11B3102F9EC1230015CB1A /* AllActivitiesView.swift in Sources */ = {isa = PBXBuildFile; fileRef = AA11B30F2F9EC1230015CB1A /* AllActivitiesView.swift */; };
/* End PBXBuildFile section */

/* Begin PBXFileReference section */
		2210B20A2F7EC8760015CB1A /* Date+ActivityFormatting.swift */ = {isa = PBXFileReference; lastKnownFileType = sourcecode.swift; path = "Date+ActivityFormatting.swift"; sourceTree = "<group>"; };
		2210B20C2F7EC8AE0015CB1A /* DashboardViewModel.swift */ = {isa = PBXFileReference; lastKnownFileType = sourcecode.swift; path = DashboardViewModel.swift; sourceTree = "<group>"; };
		2210B21D2F7FF8FE0015CB1A /* Saadni.app */ = {isa = PBXFileReference; explicitFileType = wrapper.application; includeInIndex = 0; name = Saadni.app; path = "/Users/pavlypaules/Downloads/important Folder/Saadni/build/Debug-iphoneos/Saadni.app"; sourceTree = "<absolute>"; };
		2210B21E2F7FFB7D0015CB1A /* CompletionConfirmationSheet.swift */ = {isa = PBXFileReference; lastKnownFileType = sourcecode.swift; path = CompletionConfirmationSheet.swift; sourceTree = "<group>"; };
		2210B21F2F7FFB7D0015CB1A /* MarkJobDoneView.swift */ = {isa = PBXFileReference; lastKnownFileType = sourcecode.swift; path = MarkJobDoneView.swift; sourceTree = "<group>"; };
		2210B2202F7FFB7D0015CB1A /* PostJobReviewSheet.swift */ = {isa = PBXFileReference; lastKnownFileType = sourcecode.swift; path = PostJobReviewSheet.swift; sourceTree = "<group>"; };
		2210B2272F7FFBEE0015CB1A /* SearchViewModel.swift */ = {isa = PBXFileReference; lastKnownFileType = sourcecode.swift; path = SearchViewModel.swift; sourceTree = "<group>"; };
		2210B2292F7FFBF40015CB1A /* ChatDetailViewModel.swift */ = {isa = PBXFileReference; lastKnownFileType = sourcecode.swift; path = ChatDetailViewModel.swift; sourceTree = "<group>"; };
		2210B22B2F7FFC030015CB1A /* CompletionRequestBanner.swift */ = {isa = PBXFileReference; lastKnownFileType = sourcecode.swift; path = CompletionRequestBanner.swift; sourceTree = "<group>"; };
		2210B22D2F7FFC190015CB1A /* MockFirestoreService.swift */ = {isa = PBXFileReference; lastKnownFileType = sourcecode.swift; path = MockFirestoreService.swift; sourceTree = "<group>"; };
		2210B22E2F7FFC190015CB1A /* MockStorageService.swift */ = {isa = PBXFileReference; lastKnownFileType = sourcecode.swift; path = MockStorageService.swift; sourceTree = "<group>"; };
		2224E8DC2F6837BE008B556F /* ServiceCategoryGroup.swift */ = {isa = PBXFileReference; lastKnownFileType = sourcecode.swift; path = ServiceCategoryGroup.swift; sourceTree = "<group>"; };
		2224E8DD2F6837BE008B556F /* ServiceValidator.swift */ = {isa = PBXFileReference; lastKnownFileType = sourcecode.swift; path = ServiceValidator.swift; sourceTree = "<group>"; };
		2224E8E02F6837DA008B556F /* ListenerManager.swift */ = {isa = PBXFileReference; lastKnownFileType = sourcecode.swift; path = ListenerManager.swift; sourceTree = "<group>"; };
		222517492F7AD2F200F99714 /* AuthProvider.swift */ = {isa = PBXFileReference; lastKnownFileType = sourcecode.swift; path = AuthProvider.swift; sourceTree = "<group>"; };
		2225174B2F7AD40C00F99714 /* StateKey.swift */ = {isa = PBXFileReference; lastKnownFileType = sourcecode.swift; path = StateKey.swift; sourceTree = "<group>"; };
		2225174D2F7B001600F99714 /* ProviderCoordinator.swift */ = {isa = PBXFileReference; lastKnownFileType = sourcecode.swift; path = ProviderCoordinator.swift; sourceTree = "<group>"; };
		222517532F7B092000F99714 /* ServiceListCard.swift */ = {isa = PBXFileReference; lastKnownFileType = sourcecode.swift; path = ServiceListCard.swift; sourceTree = "<group>"; };
		2236A13C2F50949000A7A19F /* DesignSystemButtons.swift */ = {isa = PBXFileReference; lastKnownFileType = sourcecode.swift; path = DesignSystemButtons.swift; sourceTree = "<group>"; };
		2236A13E2F50949000A7A19F /* Colors Themes.swift */ = {isa = PBXFileReference; lastKnownFileType = sourcecode.swift; path = "Colors Themes.swift"; sourceTree = "<group>"; };
		2236A13F2F50949000A7A19F /* Provider.swift */ = {isa = PBXFileReference; lastKnownFileType = sourcecode.swift; path = Provider.swift; sourceTree = "<group>"; };
		2236A1402F50949000A7A19F /* Semantic Colors.swift */ = {isa = PBXFileReference; lastKnownFileType = sourcecode.swift; path = "Semantic Colors.swift"; sourceTree = "<group>"; };
		2236A1412F50949000A7A19F /* Tokens.swift */ = {isa = PBXFileReference; lastKnownFileType = sourcecode.swift; path = Tokens.swift; sourceTree = "<group>"; };
		2236A1432F50949000A7A19F /* ServiceCard.swift */ = {isa = PBXFileReference; lastKnownFileType = sourcecode.swift; path = ServiceCard.swift; sourceTree = "<group>"; };
		2236A1482F50949000A7A19F /* Assets.xcassets */ = {isa = PBXFileReference; lastKnownFileType = folder.assetcatalog; path = Assets.xcassets; sourceTree = "<group>"; };
		2236A1492F50949000A7A19F /* Saadni.icon */ = {isa = PBXFileReference; lastKnownFileType = folder.iconcomposer.icon; path = Saadni.icon; sourceTree = "<group>"; };
		2236A1612F50949000A7A19F /* ServiceDetailView.swift */ = {isa = PBXFileReference; lastKnownFileType = sourcecode.swift; path = ServiceDetailView.swift; sourceTree = "<group>"; };
		2236A1652F50949000A7A19F /* BrowseJobs.swift */ = {isa = PBXFileReference; lastKnownFileType = sourcecode.swift; path = BrowseJobs.swift; sourceTree = "<group>"; };
		2236A1662F50949000A7A19F /* ChatView.swift */ = {isa = PBXFileReference; lastKnownFileType = sourcecode.swift; path = ChatView.swift; sourceTree = "<group>"; };
		2236A1672F50949000A7A19F /* DashboardView.swift */ = {isa = PBXFileReference; lastKnownFileType = sourcecode.swift; path = DashboardView.swift; sourceTree = "<group>"; };
		2236A1682F50949000A7A19F /* AppliedJobsView.swift */ = {isa = PBXFileReference; lastKnownFileType = sourcecode.swift; path = AppliedJobsView.swift; sourceTree = "<group>"; };
		2236A1692F50949000A7A19F /* ProfileView.swift */ = {isa = PBXFileReference; lastKnownFileType = sourcecode.swift; path = ProfileView.swift; sourceTree = "<group>"; };
		2236A1A72F5321E300A7A19F /* AuthenticationManager.swift */ = {isa = PBXFileReference; lastKnownFileType = sourcecode.swift; path = AuthenticationManager.swift; sourceTree = "<group>"; };
		2236A1AA2F5321E300A7A19F /* FirestoreService.swift */ = {isa = PBXFileReference; lastKnownFileType = sourcecode.swift; path = FirestoreService.swift; sourceTree = "<group>"; };
		2236A1AB2F5321E300A7A19F /* StorageService.swift */ = {isa = PBXFileReference; lastKnownFileType = sourcecode.swift; path = StorageService.swift; sourceTree = "<group>"; };
		2236A1AD2F5321E300A7A19F /* JobApplication.swift */ = {isa = PBXFileReference; lastKnownFileType = sourcecode.swift; path = JobApplication.swift; sourceTree = "<group>"; };
		2236A1AE2F5321E300A7A19F /* User.swift */ = {isa = PBXFileReference; lastKnownFileType = sourcecode.swift; path = User.swift; sourceTree = "<group>"; };
		2236A1B02F5321E300A7A19F /* ApplicationsStore.swift */ = {isa = PBXFileReference; lastKnownFileType = sourcecode.swift; path = ApplicationsStore.swift; sourceTree = "<group>"; };
		2236A1B92F53220400A7A19F /* ApplicationBadge.swift */ = {isa = PBXFileReference; lastKnownFileType = sourcecode.swift; path = ApplicationBadge.swift; sourceTree = "<group>"; };
		2236A1D02F53281E00A7A19F /* AuthenticationView.swift */ = {isa = PBXFileReference; lastKnownFileType = sourcecode.swift; path = AuthenticationView.swift; sourceTree = "<group>"; };
		224421AE2F6066E800241E1C /* ServicesStore.swift */ = {isa = PBXFileReference; lastKnownFileType = sourcecode.swift; path = ServicesStore.swift; sourceTree = "<group>"; };
		224421B02F60784600241E1C /* RoleOptionCard.swift */ = {isa = PBXFileReference; lastKnownFileType = sourcecode.swift; path = RoleOptionCard.swift; sourceTree = "<group>"; };
		224421B22F61DDA400241E1C /* JobService.swift */ = {isa = PBXFileReference; lastKnownFileType = sourcecode.swift; path = JobService.swift; sourceTree = "<group>"; };
		224421B42F61DE9D00241E1C /* UserCache.swift */ = {isa = PBXFileReference; lastKnownFileType = sourcecode.swift; path = UserCache.swift; sourceTree = "<group>"; };
		224421B92F62CD3600241E1C /* ServiceCategoryType.swift */ = {isa = PBXFileReference; lastKnownFileType = sourcecode.swift; path = ServiceCategoryType.swift; sourceTree = "<group>"; };
		224421BA2F62CD3600241E1C /* ServiceImage.swift */ = {isa = PBXFileReference; lastKnownFileType = sourcecode.swift; path = ServiceImage.swift; sourceTree = "<group>"; };
		224421BB2F62CD3600241E1C /* ServiceLocation.swift */ = {isa = PBXFileReference; lastKnownFileType = sourcecode.swift; path = ServiceLocation.swift; sourceTree = "<group>"; };
		224421BC2F62CD3600241E1C /* ServiceStatus.swift */ = {isa = PBXFileReference; lastKnownFileType = sourcecode.swift; path = ServiceStatus.swift; sourceTree = "<group>"; };
		224421C12F62CD8800241E1C /* ImagePickerSheet.swift */ = {isa = PBXFileReference; lastKnownFileType = sourcecode.swift; path = ImagePickerSheet.swift; sourceTree = "<group>"; };
		224421C32F62D1F800241E1C /* ProfileMenuRow.swift */ = {isa = PBXFileReference; lastKnownFileType = sourcecode.swift; path = ProfileMenuRow.swift; sourceTree = "<group>"; };
		224421C62F6304BB00241E1C /* WalletSheet.swift */ = {isa = PBXFileReference; lastKnownFileType = sourcecode.swift; path = WalletSheet.swift; sourceTree = "<group>"; };
		224421C82F63079B00241E1C /* HomeActivityCard.swift */ = {isa = PBXFileReference; lastKnownFileType = sourcecode.swift; path = HomeActivityCard.swift; sourceTree = "<group>"; };
		224421CD2F63226D00241E1C /* CarouselCard.swift */ = {isa = PBXFileReference; lastKnownFileType = sourcecode.swift; path = CarouselCard.swift; sourceTree = "<group>"; };
		224421D32F63368D00241E1C /* Review.swift */ = {isa = PBXFileReference; lastKnownFileType = sourcecode.swift; path = Review.swift; sourceTree = "<group>"; };
		224421D42F63368D00241E1C /* ReviewsStore.swift */ = {isa = PBXFileReference; lastKnownFileType = sourcecode.swift; path = ReviewsStore.swift; sourceTree = "<group>"; };
		224421D82F6337CC00241E1C /* ServiceCompletionView.swift */ = {isa = PBXFileReference; lastKnownFileType = sourcecode.swift; path = ServiceCompletionView.swift; sourceTree = "<group>"; };
		224421E42F63393F00241E1C /* ApplicationStatusBadge.swift */ = {isa = PBXFileReference; lastKnownFileType = sourcecode.swift; path = ApplicationStatusBadge.swift; sourceTree = "<group>"; };
		224421E52F63393F00241E1C /* AppliedServiceCard.swift */ = {isa = PBXFileReference; lastKnownFileType = sourcecode.swift; path = AppliedServiceCard.swift; sourceTree = "<group>"; };
		224421E62F63393F00241E1C /* ReviewCard.swift */ = {isa = PBXFileReference; lastKnownFileType = sourcecode.swift; path = ReviewCard.swift; sourceTree = "<group>"; };
		224421E72F63393F00241E1C /* ReviewSummaryView.swift */ = {isa = PBXFileReference; lastKnownFileType = sourcecode.swift; path = ReviewSummaryView.swift; sourceTree = "<group>"; };
		224421E82F63393F00241E1C /* StarRatingPicker.swift */ = {isa = PBXFileReference; lastKnownFileType = sourcecode.swift; path = StarRatingPicker.swift; sourceTree = "<group>"; };
		224421F32F633AEA00241E1C /* SubmitReviewSheet.swift */ = {isa = PBXFileReference; lastKnownFileType = sourcecode.swift; path = SubmitReviewSheet.swift; sourceTree = "<group>"; };
		224421FB2F63435300241E1C /* myJobs.swift */ = {isa = PBXFileReference; lastKnownFileType = sourcecode.swift; path = myJobs.swift; sourceTree = "<group>"; };
		224421FC2F633B0000241E1C /* UserReviewsView.swift */ = {isa = PBXFileReference; lastKnownFileType = sourcecode.swift; path = UserReviewsView.swift; sourceTree = "<group>"; };
		224421FD2F633B0000241E1C /* CompletedServicesView.swift */ = {isa = PBXFileReference; lastKnownFileType = sourcecode.swift; path = CompletedServicesView.swift; sourceTree = "<group>"; };
		224422002F634D8400241E1C /* CreateJobTab6.swift */ = {isa = PBXFileReference; lastKnownFileType = sourcecode.swift; path = CreateJobTab6.swift; sourceTree = "<group>"; };
		224422022F634EBE00241E1C /* Conversation.swift */ = {isa = PBXFileReference; lastKnownFileType = sourcecode.swift; path = Conversation.swift; sourceTree = "<group>"; };
		224422032F634EBE00241E1C /* Message.swift */ = {isa = PBXFileReference; lastKnownFileType = sourcecode.swift; path = Message.swift; sourceTree = "<group>"; };
		224422042F634EBE00241E1C /* TypingIndicator.swift */ = {isa = PBXFileReference; lastKnownFileType = sourcecode.swift; path = TypingIndicator.swift; sourceTree = "<group>"; };
		224422092F634EEC00241E1C /* MessagesStore.swift */ = {isa = PBXFileReference; lastKnownFileType = sourcecode.swift; path = MessagesStore.swift; sourceTree = "<group>"; };
		2244220B2F634EFC00241E1C /* ConversationsStore.swift */ = {isa = PBXFileReference; lastKnownFileType = sourcecode.swift; path = ConversationsStore.swift; sourceTree = "<group>"; };
		2244220D2F634F4700241E1C /* NotificationService.swift */ = {isa = PBXFileReference; lastKnownFileType = sourcecode.swift; path = NotificationService.swift; sourceTree = "<group>"; };
		2244220F2F634FE100241E1C /* MessageBubble.swift */ = {isa = PBXFileReference; lastKnownFileType = sourcecode.swift; path = MessageBubble.swift; sourceTree = "<group>"; };
		224422102F634FE100241E1C /* TypingIndicatorView.swift */ = {isa = PBXFileReference; lastKnownFileType = sourcecode.swift; path = TypingIndicatorView.swift; sourceTree = "<group>"; };
		224422132F63500B00241E1C /* ChatDetailView.swift */ = {isa = PBXFileReference; lastKnownFileType = sourcecode.swift; path = ChatDetailView.swift; sourceTree = "<group>"; };
		224422142F63500B00241E1C /* ChatListView.swift */ = {isa = PBXFileReference; lastKnownFileType = sourcecode.swift; path = ChatListView.swift; sourceTree = "<group>"; };
		224422182F63523F00241E1C /* AppCoordinator.swift */ = {isa = PBXFileReference; lastKnownFileType = sourcecode.swift; path = AppCoordinator.swift; sourceTree = "<group>"; };
		2244221A2F63523F00241E1C /* NavigationDestinations.swift */ = {isa = PBXFileReference; lastKnownFileType = sourcecode.swift; path = NavigationDestinations.swift; sourceTree = "<group>"; };
		2244221B2F63523F00241E1C /* StudentCoordinator.swift */ = {isa = PBXFileReference; lastKnownFileType = sourcecode.swift; path = StudentCoordinator.swift; sourceTree = "<group>"; };
		224422222F64397F00241E1C /* JobService+SampleData.swift */ = {isa = PBXFileReference; lastKnownFileType = sourcecode.swift; path = "JobService+SampleData.swift"; sourceTree = "<group>"; };
		224422232F64397F00241E1C /* JobServiceFirestoreMapper.swift */ = {isa = PBXFileReference; lastKnownFileType = sourcecode.swift; path = JobServiceFirestoreMapper.swift; sourceTree = "<group>"; };
		224422242F64397F00241E1C /* ServiceActivity.swift */ = {isa = PBXFileReference; lastKnownFileType = sourcecode.swift; path = ServiceActivity.swift; sourceTree = "<group>"; };
		224422292F6439AD00241E1C /* User+Formatting.swift */ = {isa = PBXFileReference; lastKnownFileType = sourcecode.swift; path = "User+Formatting.swift"; sourceTree = "<group>"; };
		2244222A2F6439AD00241E1C /* User+Permissions.swift */ = {isa = PBXFileReference; lastKnownFileType = sourcecode.swift; path = "User+Permissions.swift"; sourceTree = "<group>"; };
		2244222B2F6439AD00241E1C /* UserScoreCalculator.swift */ = {isa = PBXFileReference; lastKnownFileType = sourcecode.swift; path = UserScoreCalculator.swift; sourceTree = "<group>"; };
		2244222C2F6439AD00241E1C /* UserValueObjects.swift */ = {isa = PBXFileReference; lastKnownFileType = sourcecode.swift; path = UserValueObjects.swift; sourceTree = "<group>"; };
		224422312F643AB700241E1C /* AccountMenuSection.swift */ = {isa = PBXFileReference; lastKnownFileType = sourcecode.swift; path = AccountMenuSection.swift; sourceTree = "<group>"; };
		224422322F643AB700241E1C /* ProfileHeaderView.swift */ = {isa = PBXFileReference; lastKnownFileType = sourcecode.swift; path = ProfileHeaderView.swift; sourceTree = "<group>"; };
		224422332F643AB700241E1C /* RoleSwitcherView.swift */ = {isa = PBXFileReference; lastKnownFileType = sourcecode.swift; path = RoleSwitcherView.swift; sourceTree = "<group>"; };
		224422342F643AB700241E1C /* WorkManagementSection.swift */ = {isa = PBXFileReference; lastKnownFileType = sourcecode.swift; path = WorkManagementSection.swift; sourceTree = "<group>"; };
		224422362F643AB700241E1C /* ProfileViewModel.swift */ = {isa = PBXFileReference; lastKnownFileType = sourcecode.swift; path = ProfileViewModel.swift; sourceTree = "<group>"; };
		2244223D2F643ADC00241E1C /* BrandNumericalField.swift */ = {isa = PBXFileReference; lastKnownFileType = sourcecode.swift; path = BrandNumericalField.swift; sourceTree = "<group>"; };
		2244223E2F643ADC00241E1C /* BrandPasswordField.swift */ = {isa = PBXFileReference; lastKnownFileType = sourcecode.swift; path = BrandPasswordField.swift; sourceTree = "<group>"; };
		2244223F2F643ADC00241E1C /* BrandSearchField.swift */ = {isa = PBXFileReference; lastKnownFileType = sourcecode.swift; path = BrandSearchField.swift; sourceTree = "<group>"; };
		224422402F643ADC00241E1C /* BrandTextEditor.swift */ = {isa = PBXFileReference; lastKnownFileType = sourcecode.swift; path = BrandTextEditor.swift; sourceTree = "<group>"; };
		224422412F643ADC00241E1C /* BrandTextField.swift */ = {isa = PBXFileReference; lastKnownFileType = sourcecode.swift; path = BrandTextField.swift; sourceTree = "<group>"; };
		224422422F643ADC00241E1C /* InputState.swift */ = {isa = PBXFileReference; lastKnownFileType = sourcecode.swift; path = InputState.swift; sourceTree = "<group>"; };
		224422492F643FE000241E1C /* Transaction.swift */ = {isa = PBXFileReference; lastKnownFileType = sourcecode.swift; path = Transaction.swift; sourceTree = "<group>"; };
		2244224A2F643FE000241E1C /* WalletStore.swift */ = {isa = PBXFileReference; lastKnownFileType = sourcecode.swift; path = WalletStore.swift; sourceTree = "<group>"; };
		2264A02C2F4C6C110004B2B4 /* README.md */ = {isa = PBXFileReference; lastKnownFileType = net.daringfireball.markdown; path = README.md; sourceTree = "<group>"; };
		226B50082F646C1B00C09676 /* AppContainer.swift */ = {isa = PBXFileReference; lastKnownFileType = sourcecode.swift; path = AppContainer.swift; sourceTree = "<group>"; };
		226B500A2F658D0B00C09676 /* CreateJobSummaryModal.swift */ = {isa = PBXFileReference; lastKnownFileType = sourcecode.swift; path = CreateJobSummaryModal.swift; sourceTree = "<group>"; };
		226B500B2F658D0B00C09676 /* JobPublishedSuccessModal.swift */ = {isa = PBXFileReference; lastKnownFileType = sourcecode.swift; path = JobPublishedSuccessModal.swift; sourceTree = "<group>"; };
		226B50112F65D05900C09676 /* AppError.swift */ = {isa = PBXFileReference; lastKnownFileType = sourcecode.swift; path = AppError.swift; sourceTree = "<group>"; };
		226B50122F65D05900C09676 /* ErrorHandler.swift */ = {isa = PBXFileReference; lastKnownFileType = sourcecode.swift; path = ErrorHandler.swift; sourceTree = "<group>"; };
		226B50172F65D0B600C09676 /* FirestoreProvider.swift */ = {isa = PBXFileReference; lastKnownFileType = sourcecode.swift; path = FirestoreProvider.swift; sourceTree = "<group>"; };
		226B50182F65D0B600C09676 /* StorageProvider.swift */ = {isa = PBXFileReference; lastKnownFileType = sourcecode.swift; path = StorageProvider.swift; sourceTree = "<group>"; };
		226B50242F66234D00C09676 /* ErrorStateView.swift */ = {isa = PBXFileReference; lastKnownFileType = sourcecode.swift; path = ErrorStateView.swift; sourceTree = "<group>"; };
		226B50252F66234D00C09676 /* ServiceCategoryCard.swift */ = {isa = PBXFileReference; lastKnownFileType = sourcecode.swift; path = ServiceCategoryCard.swift; sourceTree = "<group>"; };
		227C499A2F6D5981001E2381 /* MyAddressesView.swift */ = {isa = PBXFileReference; lastKnownFileType = sourcecode.swift; path = MyAddressesView.swift; sourceTree = "<group>"; };
		227C499E2F6D7F54001E2381 /* onBoarding.gif */ = {isa = PBXFileReference; lastKnownFileType = image.gif; path = onBoarding.gif; sourceTree = "<group>"; };
		227C49A12F72D359001E2381 /* Info.plist */ = {isa = PBXFileReference; lastKnownFileType = text.plist.xml; path = Info.plist; sourceTree = "<group>"; };
		227C49A22F72D40A001E2381 /* Localizable.xcstrings */ = {isa = PBXFileReference; lastKnownFileType = text.json.xcstrings; path = Localizable.xcstrings; sourceTree = "<group>"; };
		22A1B3C02F9000AA00BB1234 /* HireRoleRow.swift */ = {isa = PBXFileReference; lastKnownFileType = sourcecode.swift; path = HireRoleRow.swift; sourceTree = "<group>"; };
		22C198B32F78097E00555D41 /* ApplicantCard.swift */ = {isa = PBXFileReference; lastKnownFileType = sourcecode.swift; path = ApplicantCard.swift; sourceTree = "<group>"; };
		22C198B52F78099D00555D41 /* ProfileCompletionPopup.swift */ = {isa = PBXFileReference; lastKnownFileType = sourcecode.swift; path = ProfileCompletionPopup.swift; sourceTree = "<group>"; };
		22C198B72F7809AE00555D41 /* EditProfileSheet.swift */ = {isa = PBXFileReference; lastKnownFileType = sourcecode.swift; path = EditProfileSheet.swift; sourceTree = "<group>"; };
		22C198B82F7809AE00555D41 /* UserProfileSheet.swift */ = {isa = PBXFileReference; lastKnownFileType = sourcecode.swift; path = UserProfileSheet.swift; sourceTree = "<group>"; };
		22C198BC2F784C0E00555D41 /* CustomCalendarWithJobIndicators.swift */ = {isa = PBXFileReference; lastKnownFileType = sourcecode.swift; path = CustomCalendarWithJobIndicators.swift; sourceTree = "<group>"; };
		22C198BE2F7974E100555D41 /* Notification.swift */ = {isa = PBXFileReference; lastKnownFileType = sourcecode.swift; path = Notification.swift; sourceTree = "<group>"; };
		22C198BF2F7974E100555D41 /* NotificationType.swift */ = {isa = PBXFileReference; lastKnownFileType = sourcecode.swift; path = NotificationType.swift; sourceTree = "<group>"; };
		22C198C42F79759400555D41 /* FCMService.swift */ = {isa = PBXFileReference; lastKnownFileType = sourcecode.swift; path = FCMService.swift; sourceTree = "<group>"; };
		22C198C62F79759400555D41 /* NotificationsStore.swift */ = {isa = PBXFileReference; lastKnownFileType = sourcecode.swift; path = NotificationsStore.swift; sourceTree = "<group>"; };
		22C198C82F79759400555D41 /* NotificationBadgeView.swift */ = {isa = PBXFileReference; lastKnownFileType = sourcecode.swift; path = NotificationBadgeView.swift; sourceTree = "<group>"; };
		22C198C92F79759400555D41 /* NotificationCardView.swift */ = {isa = PBXFileReference; lastKnownFileType = sourcecode.swift; path = NotificationCardView.swift; sourceTree = "<group>"; };
		22C198CA2F79759400555D41 /* NotificationDrawerView.swift */ = {isa = PBXFileReference; lastKnownFileType = sourcecode.swift; path = NotificationDrawerView.swift; sourceTree = "<group>"; };
		22C198D12F7975AF00555D41 /* NotificationPreferences.swift */ = {isa = PBXFileReference; lastKnownFileType = sourcecode.swift; path = NotificationPreferences.swift; sourceTree = "<group>"; };
		22C198D32F79784100555D41 /* NotificationsStoreKey.swift */ = {isa = PBXFileReference; lastKnownFileType = sourcecode.swift; path = NotificationsStoreKey.swift; sourceTree = "<group>"; };
		22D6C2B42F53589E0071BAC9 /* GoogleService-Info.plist */ = {isa = PBXFileReference; lastKnownFileType = text.plist.xml; path = "GoogleService-Info.plist"; sourceTree = "<group>"; };
		22EFE3FF2F6AA98C00C5EBBB /* AppDelegate.swift */ = {isa = PBXFileReference; lastKnownFileType = sourcecode.swift; path = AppDelegate.swift; sourceTree = "<group>"; };
		22FD35F32F55F5CE00AF3127 /* LaunchScreen.swift */ = {isa = PBXFileReference; lastKnownFileType = sourcecode.swift; path = LaunchScreen.swift; sourceTree = "<group>"; };
		22FD36CB2F56F64D00AF3127 /* OnboardingView.swift */ = {isa = PBXFileReference; lastKnownFileType = sourcecode.swift; path = OnboardingView.swift; sourceTree = "<group>"; };
		22FD36CF2F5714F900AF3127 /* JobProvider.swift */ = {isa = PBXFileReference; lastKnownFileType = sourcecode.swift; path = JobProvider.swift; sourceTree = "<group>"; };
		22FD36D02F5714F900AF3127 /* RoleSelectionView.swift */ = {isa = PBXFileReference; lastKnownFileType = sourcecode.swift; path = RoleSelectionView.swift; sourceTree = "<group>"; };
		22FD36D12F5714F900AF3127 /* NeedWork.swift */ = {isa = PBXFileReference; lastKnownFileType = sourcecode.swift; path = NeedWork.swift; sourceTree = "<group>"; };
		22FD36D72F57168300AF3127 /* AppStateManager.swift */ = {isa = PBXFileReference; lastKnownFileType = sourcecode.swift; path = AppStateManager.swift; sourceTree = "<group>"; };
		22FD36D82F57168300AF3127 /* MainView.swift */ = {isa = PBXFileReference; lastKnownFileType = sourcecode.swift; path = MainView.swift; sourceTree = "<group>"; };
		22FD36D92F57168300AF3127 /* SaadniApp.swift */ = {isa = PBXFileReference; lastKnownFileType = sourcecode.swift; path = SaadniApp.swift; sourceTree = "<group>"; };
		22FD36E12F571CE800AF3127 /* HomeView.swift */ = {isa = PBXFileReference; lastKnownFileType = sourcecode.swift; path = HomeView.swift; sourceTree = "<group>"; };
		22FD36E42F573A7600AF3127 /* SectionHeader.swift */ = {isa = PBXFileReference; lastKnownFileType = sourcecode.swift; path = SectionHeader.swift; sourceTree = "<group>"; };
		22FD36E72F573A7600AF3127 /* ServiceCategory.swift */ = {isa = PBXFileReference; lastKnownFileType = sourcecode.swift; path = ServiceCategory.swift; sourceTree = "<group>"; };
		22FD36ED2F57418600AF3127 /* ConfettiView.swift */ = {isa = PBXFileReference; lastKnownFileType = sourcecode.swift; path = ConfettiView.swift; sourceTree = "<group>"; };
		22FD36EE2F57418600AF3127 /* CreateJobSheet.swift */ = {isa = PBXFileReference; lastKnownFileType = sourcecode.swift; path = CreateJobSheet.swift; sourceTree = "<group>"; };
		22FD36EF2F57418600AF3127 /* CreateJobTab1.swift */ = {isa = PBXFileReference; lastKnownFileType = sourcecode.swift; path = CreateJobTab1.swift; sourceTree = "<group>"; };
		22FD36F02F57418600AF3127 /* CreateJobTab2.swift */ = {isa = PBXFileReference; lastKnownFileType = sourcecode.swift; path = CreateJobTab2.swift; sourceTree = "<group>"; };
		22FD36F12F57418600AF3127 /* CreateJobTab3.swift */ = {isa = PBXFileReference; lastKnownFileType = sourcecode.swift; path = CreateJobTab3.swift; sourceTree = "<group>"; };
		22FD36F22F57418600AF3127 /* CreateJobTab4.swift */ = {isa = PBXFileReference; lastKnownFileType = sourcecode.swift; path = CreateJobTab4.swift; sourceTree = "<group>"; };
		22FD36F32F57418600AF3127 /* CreateJobTab5.swift */ = {isa = PBXFileReference; lastKnownFileType = sourcecode.swift; path = CreateJobTab5.swift; sourceTree = "<group>"; };
		22FD36FB2F5741B200AF3127 /* CreateJobViewModel.swift */ = {isa = PBXFileReference; lastKnownFileType = sourcecode.swift; path = CreateJobViewModel.swift; sourceTree = "<group>"; };
		30DA4D8FE38E6191DE8527BE /* AppError.swift */ = {isa = PBXFileReference; lastKnownFileType = sourcecode.swift; path = AppError.swift; sourceTree = "<group>"; };
		45BC149627222C2D5C260DB3 /* ApplyJobSheet.swift */ = {isa = PBXFileReference; includeInIndex = 1; lastKnownFileType = sourcecode.swift; path = ApplyJobSheet.swift; sourceTree = "<group>"; };
		769A5D0A3BE0DA1958836649 /* ServiceDetailViewModel.swift */ = {isa = PBXFileReference; includeInIndex = 1; lastKnownFileType = sourcecode.swift; path = ServiceDetailViewModel.swift; sourceTree = "<group>"; };
		AA11B30F2F9EC1230015CB1A /* AllActivitiesView.swift */ = {isa = PBXFileReference; lastKnownFileType = sourcecode.swift; path = AllActivitiesView.swift; sourceTree = "<group>"; };
/* End PBXFileReference section */

/* Begin PBXFrameworksBuildPhase section */
		228B2C7B2F36048800A4441B /* Frameworks */ = {
			isa = PBXFrameworksBuildPhase;
			buildActionMask = 2147483647;
			files = (
				2236A19E2F50ADED00A7A19F /* FirebaseDatabase in Frameworks */,
				2236A1A02F50ADED00A7A19F /* FirebaseFirestore in Frameworks */,
				2236A1A22F50ADED00A7A19F /* FirebaseMessaging in Frameworks */,
				2236A1A42F50ADED00A7A19F /* FirebaseRemoteConfig in Frameworks */,
				226B50102F65A5F700C09676 /* Kingfisher in Frameworks */,
				2236A1A62F50ADED00A7A19F /* FirebaseStorage in Frameworks */,
				2236A19C2F50ADED00A7A19F /* FirebaseCore in Frameworks */,
				2236A19A2F50ADED00A7A19F /* FirebaseAuth in Frameworks */,
			);
			runOnlyForDeploymentPostprocessing = 0;
		};
/* End PBXFrameworksBuildPhase section */

/* Begin PBXGroup section */
		2210B20D2F7EC8AE0015CB1A /* Dashboard */ = {
			isa = PBXGroup;
			children = (
				2210B20C2F7EC8AE0015CB1A /* DashboardViewModel.swift */,
				AA11B30F2F9EC1230015CB1A /* AllActivitiesView.swift */,
			);
			path = Dashboard;
			sourceTree = "<group>";
		};
		2210B2212F7FFB7D0015CB1A /* JobCompletion */ = {
			isa = PBXGroup;
			children = (
				2210B21E2F7FFB7D0015CB1A /* CompletionConfirmationSheet.swift */,
				2210B21F2F7FFB7D0015CB1A /* MarkJobDoneView.swift */,
				2210B2202F7FFB7D0015CB1A /* PostJobReviewSheet.swift */,
			);
			path = JobCompletion;
			sourceTree = "<group>";
		};
		2210B2252F7FFBD50015CB1A /* Chat */ = {
			isa = PBXGroup;
			children = (
				2210B2292F7FFBF40015CB1A /* ChatDetailViewModel.swift */,
			);
			path = Chat;
			sourceTree = "<group>";
		};
		2210B2262F7FFBD50015CB1A /* Search */ = {
			isa = PBXGroup;
			children = (
				2210B2272F7FFBEE0015CB1A /* SearchViewModel.swift */,
			);
			path = Search;
			sourceTree = "<group>";
		};
		2210B22F2F7FFC190015CB1A /* Mocks */ = {
			isa = PBXGroup;
			children = (
				2210B22D2F7FFC190015CB1A /* MockFirestoreService.swift */,
				2210B22E2F7FFC190015CB1A /* MockStorageService.swift */,
			);
			path = Mocks;
			sourceTree = "<group>";
		};
		2210B2302F7FFC190015CB1A /* DI */ = {
			isa = PBXGroup;
			children = (
				2210B22F2F7FFC190015CB1A /* Mocks */,
			);
			path = DI;
			sourceTree = "<group>";
		};
		222517552F7C18D600F99714 /* General */ = {
			isa = PBXGroup;
			children = (
			);
			path = General;
			sourceTree = "<group>";
		};
		222517562F7C18FA00F99714 /* StudentsViewsRelated */ = {
			isa = PBXGroup;
			children = (
			);
			path = StudentsViewsRelated;
			sourceTree = "<group>";
		};
		222517572F7C190900F99714 /* ProviderViewsRelated */ = {
			isa = PBXGroup;
			children = (
			);
			path = ProviderViewsRelated;
			sourceTree = "<group>";
		};
		2236A13D2F50949000A7A19F /* Buttons */ = {
			isa = PBXGroup;
			children = (
				2236A13C2F50949000A7A19F /* DesignSystemButtons.swift */,
			);
			path = Buttons;
			sourceTree = "<group>";
		};
		2236A1422F50949000A7A19F /* Colors */ = {
			isa = PBXGroup;
			children = (
				2236A1412F50949000A7A19F /* Tokens.swift */,
				2236A1402F50949000A7A19F /* Semantic Colors.swift */,
				2236A13E2F50949000A7A19F /* Colors Themes.swift */,
				2236A13F2F50949000A7A19F /* Provider.swift */,
			);
			path = Colors;
			sourceTree = "<group>";
		};
		2236A1442F50949000A7A19F /* Components */ = {
			isa = PBXGroup;
			children = (
				2210B22B2F7FFC030015CB1A /* CompletionRequestBanner.swift */,
				224422352F643AB700241E1C /* Profile */,
				222517552F7C18D600F99714 /* General */,
				222517562F7C18FA00F99714 /* StudentsViewsRelated */,
				222517572F7C190900F99714 /* ProviderViewsRelated */,
				222517532F7B092000F99714 /* ServiceListCard.swift */,
				22C198B32F78097E00555D41 /* ApplicantCard.swift */,
				22A1B3C02F9000AA00BB1234 /* HireRoleRow.swift */,
				226B50242F66234D00C09676 /* ErrorStateView.swift */,
				226B50252F66234D00C09676 /* ServiceCategoryCard.swift */,
				2244220F2F634FE100241E1C /* MessageBubble.swift */,
				224422102F634FE100241E1C /* TypingIndicatorView.swift */,
				224421E42F63393F00241E1C /* ApplicationStatusBadge.swift */,
				224421E52F63393F00241E1C /* AppliedServiceCard.swift */,
				224421E62F63393F00241E1C /* ReviewCard.swift */,
				224421E72F63393F00241E1C /* ReviewSummaryView.swift */,
				224421E82F63393F00241E1C /* StarRatingPicker.swift */,
				224421C32F62D1F800241E1C /* ProfileMenuRow.swift */,
				224421C82F63079B00241E1C /* HomeActivityCard.swift */,
				22FD36ED2F57418600AF3127 /* ConfettiView.swift */,
				224421CD2F63226D00241E1C /* CarouselCard.swift */,
				2236A1B92F53220400A7A19F /* ApplicationBadge.swift */,
				2236A1432F50949000A7A19F /* ServiceCard.swift */,
				224421B02F60784600241E1C /* RoleOptionCard.swift */,
				22C198BC2F784C0E00555D41 /* CustomCalendarWithJobIndicators.swift */,
				22FD36E42F573A7600AF3127 /* SectionHeader.swift */,
			);
			path = Components;
			sourceTree = "<group>";
		};
		2236A1462F50949000A7A19F /* TextField */ = {
			isa = PBXGroup;
			children = (
				2244223D2F643ADC00241E1C /* BrandNumericalField.swift */,
				2244223E2F643ADC00241E1C /* BrandPasswordField.swift */,
				2244223F2F643ADC00241E1C /* BrandSearchField.swift */,
				224422402F643ADC00241E1C /* BrandTextEditor.swift */,
				224422412F643ADC00241E1C /* BrandTextField.swift */,
				224422422F643ADC00241E1C /* InputState.swift */,
			);
			path = TextField;
			sourceTree = "<group>";
		};
		2236A1472F50949000A7A19F /* Design System */ = {
			isa = PBXGroup;
			children = (
				2236A1422F50949000A7A19F /* Colors */,
				2236A13D2F50949000A7A19F /* Buttons */,
				2236A1442F50949000A7A19F /* Components */,
				2236A1462F50949000A7A19F /* TextField */,
			);
			path = "Design System";
			sourceTree = "<group>";
		};
		2236A14A2F50949000A7A19F /* Resources */ = {
			isa = PBXGroup;
			children = (
				227C499E2F6D7F54001E2381 /* onBoarding.gif */,
				22D6C2B42F53589E0071BAC9 /* GoogleService-Info.plist */,
				227C49A12F72D359001E2381 /* Info.plist */,
				2236A1482F50949000A7A19F /* Assets.xcassets */,
				2236A1492F50949000A7A19F /* Saadni.icon */,
				227C49A22F72D40A001E2381 /* Localizable.xcstrings */,
			);
			path = Resources;
			sourceTree = "<group>";
		};
		2236A14B2F50949000A7A19F /* Core */ = {
			isa = PBXGroup;
			children = (
				2210B2302F7FFC190015CB1A /* DI */,
				2225174B2F7AD40C00F99714 /* StateKey.swift */,
				22C198C12F7974E100555D41 /* Notifications */,
				226B50132F65D05900C09676 /* Error */,
				2244221C2F63523F00241E1C /* Navigation */,
				2236A1472F50949000A7A19F /* Design System */,
				2236A14A2F50949000A7A19F /* Resources */,
				226B50192F65D0B600C09676 /* Protocols */,
			);
			path = Core;
			sourceTree = "<group>";
		};
		2236A1632F50949000A7A19F /* ServiceDetail */ = {
			isa = PBXGroup;
			children = (
				224421D82F6337CC00241E1C /* ServiceCompletionView.swift */,
				2236A1612F50949000A7A19F /* ServiceDetailView.swift */,
				45BC149627222C2D5C260DB3 /* ApplyJobSheet.swift */,
				769A5D0A3BE0DA1958836649 /* ServiceDetailViewModel.swift */,
			);
			path = ServiceDetail;
			sourceTree = "<group>";
		};
		2236A1642F50949000A7A19F /* Features */ = {
			isa = PBXGroup;
			children = (
				2210B2252F7FFBD50015CB1A /* Chat */,
				2210B2262F7FFBD50015CB1A /* Search */,
				2210B2212F7FFB7D0015CB1A /* JobCompletion */,
				2210B20D2F7EC8AE0015CB1A /* Dashboard */,
				22FD35F42F55F5CE00AF3127 /* LaunchScreen */,
				227C499D2F6D7ED7001E2381 /* Onboarding */,
				2236A1D22F53281E00A7A19F /* Authentication */,
				22FD36D52F5715E000AF3127 /* Role Selection  */,
				22FD36E62F573A7600AF3127 /* CreateJobSheet */,
				224422152F63500B00241E1C /* ChatViews */,
				2236A1632F50949000A7A19F /* ServiceDetail */,
				224421F52F633AEA00241E1C /* Reviews */,
				224421FE2F633B0100241E1C /* ServiceManagement */,
				224421C52F6304B200241E1C /* WalletView */,
				224422372F643AB700241E1C /* Profile */,
			);
			path = Features;
			sourceTree = "<group>";
		};
		2236A16A2F50949000A7A19F /* MainViews */ = {
			isa = PBXGroup;
			children = (
				22FD36D62F57161100AF3127 /* StudentViews */,
				22FD36DE2F5716A800AF3127 /* ProviderViews */,
				2236A1662F50949000A7A19F /* ChatView.swift */,
				2236A1692F50949000A7A19F /* ProfileView.swift */,
			);
			path = MainViews;
			sourceTree = "<group>";
		};
		2236A16B2F50949000A7A19F /* Saadni */ = {
			isa = PBXGroup;
			children = (
				22FD36DA2F57168300AF3127 /* App */,
				22FD35F62F56E83E00AF3127 /* Models */,
				2236A14B2F50949000A7A19F /* Core */,
				2236A1642F50949000A7A19F /* Features */,
				2236A16A2F50949000A7A19F /* MainViews */,
			);
			path = Saadni;
			sourceTree = "<group>";
		};
		2236A1A82F5321E300A7A19F /* Authentication */ = {
			isa = PBXGroup;
			children = (
				2236A1A72F5321E300A7A19F /* AuthenticationManager.swift */,
			);
			path = Authentication;
			sourceTree = "<group>";
		};
		2236A1AC2F5321E300A7A19F /* Firebase */ = {
			isa = PBXGroup;
			children = (
				2224E8E02F6837DA008B556F /* ListenerManager.swift */,
				2236A1AA2F5321E300A7A19F /* FirestoreService.swift */,
				2236A1AB2F5321E300A7A19F /* StorageService.swift */,
			);
			path = Firebase;
			sourceTree = "<group>";
		};
		2236A1AF2F5321E300A7A19F /* Account */ = {
			isa = PBXGroup;
			children = (
				224422292F6439AD00241E1C /* User+Formatting.swift */,
				2244222A2F6439AD00241E1C /* User+Permissions.swift */,
				2244222B2F6439AD00241E1C /* UserScoreCalculator.swift */,
				2244222C2F6439AD00241E1C /* UserValueObjects.swift */,
				2236A1AE2F5321E300A7A19F /* User.swift */,
				224421B42F61DE9D00241E1C /* UserCache.swift */,
			);
			path = Account;
			sourceTree = "<group>";
		};
		2236A1B12F5321E300A7A19F /* Applications */ = {
			isa = PBXGroup;
			children = (
				2236A1B02F5321E300A7A19F /* ApplicationsStore.swift */,
				2236A1AD2F5321E300A7A19F /* JobApplication.swift */,
			);
			path = Applications;
			sourceTree = "<group>";
		};
		2236A1D22F53281E00A7A19F /* Authentication */ = {
			isa = PBXGroup;
			children = (
				2236A1D02F53281E00A7A19F /* AuthenticationView.swift */,
			);
			path = Authentication;
			sourceTree = "<group>";
		};
		224421C52F6304B200241E1C /* WalletView */ = {
			isa = PBXGroup;
			children = (
				224421C62F6304BB00241E1C /* WalletSheet.swift */,
			);
			path = WalletView;
			sourceTree = "<group>";
		};
		224421D52F63368D00241E1C /* Reviews */ = {
			isa = PBXGroup;
			children = (
				224421D32F63368D00241E1C /* Review.swift */,
				224421D42F63368D00241E1C /* ReviewsStore.swift */,
			);
			path = Reviews;
			sourceTree = "<group>";
		};
		224421F52F633AEA00241E1C /* Reviews */ = {
			isa = PBXGroup;
			children = (
				224421F32F633AEA00241E1C /* SubmitReviewSheet.swift */,
				224421FC2F633B0000241E1C /* UserReviewsView.swift */,
			);
			path = Reviews;
			sourceTree = "<group>";
		};
		224421FE2F633B0100241E1C /* ServiceManagement */ = {
			isa = PBXGroup;
			children = (
				224421FD2F633B0000241E1C /* CompletedServicesView.swift */,
			);
			path = ServiceManagement;
			sourceTree = "<group>";
		};
		224422052F634EBE00241E1C /* Messaging */ = {
			isa = PBXGroup;
			children = (
				2244220D2F634F4700241E1C /* NotificationService.swift */,
				2244220B2F634EFC00241E1C /* ConversationsStore.swift */,
				224422092F634EEC00241E1C /* MessagesStore.swift */,
				224422022F634EBE00241E1C /* Conversation.swift */,
				224422032F634EBE00241E1C /* Message.swift */,
				224422042F634EBE00241E1C /* TypingIndicator.swift */,
			);
			path = Messaging;
			sourceTree = "<group>";
		};
		224422152F63500B00241E1C /* ChatViews */ = {
			isa = PBXGroup;
			children = (
				224422132F63500B00241E1C /* ChatDetailView.swift */,
				224422142F63500B00241E1C /* ChatListView.swift */,
			);
			path = ChatViews;
			sourceTree = "<group>";
		};
		2244221C2F63523F00241E1C /* Navigation */ = {
			isa = PBXGroup;
			children = (
				224422182F63523F00241E1C /* AppCoordinator.swift */,
				2225174D2F7B001600F99714 /* ProviderCoordinator.swift */,
				2244221A2F63523F00241E1C /* NavigationDestinations.swift */,
				2244221B2F63523F00241E1C /* StudentCoordinator.swift */,
				30DA4D8FE38E6191DE8527BE /* AppError.swift */,
			);
			path = Navigation;
			sourceTree = "<group>";
		};
		224422352F643AB700241E1C /* Profile */ = {
			isa = PBXGroup;
			children = (
				22C198B52F78099D00555D41 /* ProfileCompletionPopup.swift */,
				224422312F643AB700241E1C /* AccountMenuSection.swift */,
				224422322F643AB700241E1C /* ProfileHeaderView.swift */,
				224422332F643AB700241E1C /* RoleSwitcherView.swift */,
				224422342F643AB700241E1C /* WorkManagementSection.swift */,
			);
			path = Profile;
			sourceTree = "<group>";
		};
		224422372F643AB700241E1C /* Profile */ = {
			isa = PBXGroup;
			children = (
				22C198B72F7809AE00555D41 /* EditProfileSheet.swift */,
				22C198B82F7809AE00555D41 /* UserProfileSheet.swift */,
				227C499A2F6D5981001E2381 /* MyAddressesView.swift */,
				224422362F643AB700241E1C /* ProfileViewModel.swift */,
			);
			path = Profile;
			sourceTree = "<group>";
		};
		2244224B2F643FE000241E1C /* Wallet */ = {
			isa = PBXGroup;
			children = (
				224422492F643FE000241E1C /* Transaction.swift */,
				2244224A2F643FE000241E1C /* WalletStore.swift */,
			);
			path = Wallet;
			sourceTree = "<group>";
		};
		226B50132F65D05900C09676 /* Error */ = {
			isa = PBXGroup;
			children = (
				226B50112F65D05900C09676 /* AppError.swift */,
				226B50122F65D05900C09676 /* ErrorHandler.swift */,
			);
			path = Error;
			sourceTree = "<group>";
		};
		226B50192F65D0B600C09676 /* Protocols */ = {
			isa = PBXGroup;
			children = (
				222517492F7AD2F200F99714 /* AuthProvider.swift */,
				226B50172F65D0B600C09676 /* FirestoreProvider.swift */,
				226B50182F65D0B600C09676 /* StorageProvider.swift */,
			);
			path = Protocols;
			sourceTree = "<group>";
		};
		227C499D2F6D7ED7001E2381 /* Onboarding */ = {
			isa = PBXGroup;
			children = (
				22FD36CB2F56F64D00AF3127 /* OnboardingView.swift */,
			);
			path = Onboarding;
			sourceTree = "<group>";
		};
		228B2C752F36048800A4441B = {
			isa = PBXGroup;
			children = (
				2264A02C2F4C6C110004B2B4 /* README.md */,
				2236A16B2F50949000A7A19F /* Saadni */,
			);
			sourceTree = "<group>";
		};
		22C198C02F7974E100555D41 /* Models */ = {
			isa = PBXGroup;
			children = (
				22C198D12F7975AF00555D41 /* NotificationPreferences.swift */,
				22C198BE2F7974E100555D41 /* Notification.swift */,
				22C198BF2F7974E100555D41 /* NotificationType.swift */,
			);
			path = Models;
			sourceTree = "<group>";
		};
		22C198C12F7974E100555D41 /* Notifications */ = {
			isa = PBXGroup;
			children = (
				22C198D42F79784100555D41 /* Environment */,
				22C198C52F79759400555D41 /* Services */,
				22C198C72F79759400555D41 /* Stores */,
				22C198CB2F79759400555D41 /* Views */,
				22C198C02F7974E100555D41 /* Models */,
			);
			path = Notifications;
			sourceTree = "<group>";
		};
		22C198C52F79759400555D41 /* Services */ = {
			isa = PBXGroup;
			children = (
				22C198C42F79759400555D41 /* FCMService.swift */,
			);
			path = Services;
			sourceTree = "<group>";
		};
		22C198C72F79759400555D41 /* Stores */ = {
			isa = PBXGroup;
			children = (
				22C198C62F79759400555D41 /* NotificationsStore.swift */,
			);
			path = Stores;
			sourceTree = "<group>";
		};
		22C198CB2F79759400555D41 /* Views */ = {
			isa = PBXGroup;
			children = (
				22C198C82F79759400555D41 /* NotificationBadgeView.swift */,
				22C198C92F79759400555D41 /* NotificationCardView.swift */,
				22C198CA2F79759400555D41 /* NotificationDrawerView.swift */,
			);
			path = Views;
			sourceTree = "<group>";
		};
		22C198D42F79784100555D41 /* Environment */ = {
			isa = PBXGroup;
			children = (
				22C198D32F79784100555D41 /* NotificationsStoreKey.swift */,
			);
			path = Environment;
			sourceTree = "<group>";
		};
		22EFE4012F6AAADA00C5EBBB /* Bootstrap */ = {
			isa = PBXGroup;
			children = (
				226B50082F646C1B00C09676 /* AppContainer.swift */,
				22FD36D72F57168300AF3127 /* AppStateManager.swift */,
				22EFE3FF2F6AA98C00C5EBBB /* AppDelegate.swift */,
			);
			path = Bootstrap;
			sourceTree = "<group>";
		};
		22FD35F42F55F5CE00AF3127 /* LaunchScreen */ = {
			isa = PBXGroup;
			children = (
				22FD35F32F55F5CE00AF3127 /* LaunchScreen.swift */,
			);
			path = LaunchScreen;
			sourceTree = "<group>";
		};
		22FD35F62F56E83E00AF3127 /* Models */ = {
			isa = PBXGroup;
			children = (
				2236A1AF2F5321E300A7A19F /* Account */,
				224422052F634EBE00241E1C /* Messaging */,
				224421D52F63368D00241E1C /* Reviews */,
				2236A1A82F5321E300A7A19F /* Authentication */,
				2236A1AC2F5321E300A7A19F /* Firebase */,
				2236A1B12F5321E300A7A19F /* Applications */,
				22FD35F72F56E8B600AF3127 /* Services */,
				2244224B2F643FE000241E1C /* Wallet */,
			);
			path = Models;
			sourceTree = "<group>";
		};
		22FD35F72F56E8B600AF3127 /* Services */ = {
			isa = PBXGroup;
			children = (
				2210B20A2F7EC8760015CB1A /* Date+ActivityFormatting.swift */,
				2224E8DC2F6837BE008B556F /* ServiceCategoryGroup.swift */,
				2224E8DD2F6837BE008B556F /* ServiceValidator.swift */,
				224422222F64397F00241E1C /* JobService+SampleData.swift */,
				224422232F64397F00241E1C /* JobServiceFirestoreMapper.swift */,
				224422242F64397F00241E1C /* ServiceActivity.swift */,
				224421B22F61DDA400241E1C /* JobService.swift */,
				224421AE2F6066E800241E1C /* ServicesStore.swift */,
			);
			path = Services;
			sourceTree = "<group>";
		};
		22FD36D52F5715E000AF3127 /* Role Selection  */ = {
			isa = PBXGroup;
			children = (
				22FD36D02F5714F900AF3127 /* RoleSelectionView.swift */,
			);
			path = "Role Selection ";
			sourceTree = "<group>";
		};
		22FD36D62F57161100AF3127 /* StudentViews */ = {
			isa = PBXGroup;
			children = (
				22FD36D12F5714F900AF3127 /* NeedWork.swift */,
				2236A1672F50949000A7A19F /* DashboardView.swift */,
				2236A1652F50949000A7A19F /* BrowseJobs.swift */,
				2236A1682F50949000A7A19F /* AppliedJobsView.swift */,
			);
			path = StudentViews;
			sourceTree = "<group>";
		};
		22FD36DA2F57168300AF3127 /* App */ = {
			isa = PBXGroup;
			children = (
				22EFE4012F6AAADA00C5EBBB /* Bootstrap */,
				22FD36D92F57168300AF3127 /* SaadniApp.swift */,
				22FD36D82F57168300AF3127 /* MainView.swift */,
			);
			path = App;
			sourceTree = "<group>";
		};
		22FD36DE2F5716A800AF3127 /* ProviderViews */ = {
			isa = PBXGroup;
			children = (
				22FD36CF2F5714F900AF3127 /* JobProvider.swift */,
				22FD36E12F571CE800AF3127 /* HomeView.swift */,
				224421FB2F63435300241E1C /* myJobs.swift */,
				22FD36EE2F57418600AF3127 /* CreateJobSheet.swift */,
			);
			path = ProviderViews;
			sourceTree = "<group>";
		};
		22FD36E62F573A7600AF3127 /* CreateJobSheet */ = {
			isa = PBXGroup;
			children = (
				226B500A2F658D0B00C09676 /* CreateJobSummaryModal.swift */,
				226B500B2F658D0B00C09676 /* JobPublishedSuccessModal.swift */,
				22FD36EF2F57418600AF3127 /* CreateJobTab1.swift */,
				22FD36F02F57418600AF3127 /* CreateJobTab2.swift */,
				22FD36F12F57418600AF3127 /* CreateJobTab3.swift */,
				22FD36F22F57418600AF3127 /* CreateJobTab4.swift */,
				22FD36F32F57418600AF3127 /* CreateJobTab5.swift */,
				224422002F634D8400241E1C /* CreateJobTab6.swift */,
				224421C12F62CD8800241E1C /* ImagePickerSheet.swift */,
				22FD36E82F573A7600AF3127 /* Models */,
			);
			path = CreateJobSheet;
			sourceTree = "<group>";
		};
		22FD36E82F573A7600AF3127 /* Models */ = {
			isa = PBXGroup;
			children = (
				224421B92F62CD3600241E1C /* ServiceCategoryType.swift */,
				224421BA2F62CD3600241E1C /* ServiceImage.swift */,
				224421BB2F62CD3600241E1C /* ServiceLocation.swift */,
				224421BC2F62CD3600241E1C /* ServiceStatus.swift */,
				22FD36FB2F5741B200AF3127 /* CreateJobViewModel.swift */,
				22FD36E72F573A7600AF3127 /* ServiceCategory.swift */,
			);
			path = Models;
			sourceTree = "<group>";
		};
/* End PBXGroup section */

/* Begin PBXNativeTarget section */
		228B2C7D2F36048800A4441B /* Saadni */ = {
			isa = PBXNativeTarget;
			buildConfigurationList = 228B2C892F36048A00A4441B /* Build configuration list for PBXNativeTarget "Saadni" */;
			buildPhases = (
				228B2C7A2F36048800A4441B /* Sources */,
				228B2C7B2F36048800A4441B /* Frameworks */,
				228B2C7C2F36048800A4441B /* Resources */,
			);
			buildRules = (
			);
			dependencies = (
			);
			name = Saadni;
			packageProductDependencies = (
				2236A1992F50ADED00A7A19F /* FirebaseAuth */,
				2236A19B2F50ADED00A7A19F /* FirebaseCore */,
				2236A19D2F50ADED00A7A19F /* FirebaseDatabase */,
				2236A19F2F50ADED00A7A19F /* FirebaseFirestore */,
				2236A1A12F50ADED00A7A19F /* FirebaseMessaging */,
				2236A1A32F50ADED00A7A19F /* FirebaseRemoteConfig */,
				2236A1A52F50ADED00A7A19F /* FirebaseStorage */,
				226B500F2F65A5F700C09676 /* Kingfisher */,
			);
			productName = Saadni;
			productReference = 2210B21D2F7FF8FE0015CB1A /* Saadni.app */;
			productType = "com.apple.product-type.application";
		};
/* End PBXNativeTarget section */

/* Begin PBXProject section */
		228B2C762F36048800A4441B /* Project object */ = {
			isa = PBXProject;
			attributes = {
				BuildIndependentTargetsInParallel = 1;
				LastSwiftUpdateCheck = 2620;
				LastUpgradeCheck = 2640;
				TargetAttributes = {
					228B2C7D2F36048800A4441B = {
						CreatedOnToolsVersion = 26.2;
					};
				};
			};
			buildConfigurationList = 228B2C792F36048800A4441B /* Build configuration list for PBXProject "Saadni" */;
			developmentRegion = en;
			hasScannedForEncodings = 0;
			knownRegions = (
				en,
				Base,
				ar,
			);
			mainGroup = 228B2C752F36048800A4441B;
			minimizedProjectReferenceProxies = 1;
			packageReferences = (
				2236A1982F50ADED00A7A19F /* XCRemoteSwiftPackageReference "firebase-ios-sdk" */,
				226B500E2F65A5F700C09676 /* XCRemoteSwiftPackageReference "Kingfisher" */,
			);
			preferredProjectObjectVersion = 77;
			productRefGroup = 228B2C752F36048800A4441B;
			projectDirPath = "";
			projectRoot = "";
			targets = (
				228B2C7D2F36048800A4441B /* Saadni */,
			);
		};
/* End PBXProject section */

/* Begin PBXResourcesBuildPhase section */
		228B2C7C2F36048800A4441B /* Resources */ = {
			isa = PBXResourcesBuildPhase;
			buildActionMask = 2147483647;
			files = (
				227C499F2F6D7F54001E2381 /* onBoarding.gif in Resources */,
				2236A18C2F50949000A7A19F /* Assets.xcassets in Resources */,
				227C49A32F72D40A001E2381 /* Localizable.xcstrings in Resources */,
				2236A18D2F50949000A7A19F /* Saadni.icon in Resources */,
				22D6C2B52F53589E0071BAC9 /* GoogleService-Info.plist in Resources */,
				2264A02D2F4C6C110004B2B4 /* README.md in Resources */,
			);
			runOnlyForDeploymentPostprocessing = 0;
		};
/* End PBXResourcesBuildPhase section */

/* Begin PBXSourcesBuildPhase section */
		228B2C7A2F36048800A4441B /* Sources */ = {
			isa = PBXSourcesBuildPhase;
			buildActionMask = 2147483647;
			files = (
				2236A16E2F50949000A7A19F /* DesignSystemButtons.swift in Sources */,
				2236A16F2F50949000A7A19F /* Colors Themes.swift in Sources */,
				2236A1702F50949000A7A19F /* Provider.swift in Sources */,
				22FD36D22F5714F900AF3127 /* RoleSelectionView.swift in Sources */,
				22EFE4002F6AA98C00C5EBBB /* AppDelegate.swift in Sources */,
				224421C22F62CD8800241E1C /* ImagePickerSheet.swift in Sources */,
				2210B2312F7FFC190015CB1A /* MockStorageService.swift in Sources */,
				2210B2322F7FFC190015CB1A /* MockFirestoreService.swift in Sources */,
				224421C42F62D1F800241E1C /* ProfileMenuRow.swift in Sources */,
				22FD36D32F5714F900AF3127 /* NeedWork.swift in Sources */,
				2244220A2F634EEC00241E1C /* MessagesStore.swift in Sources */,
				22FD36D42F5714F900AF3127 /* JobProvider.swift in Sources */,
				2224E8DE2F6837BE008B556F /* ServiceCategoryGroup.swift in Sources */,
				2210B20B2F7EC8760015CB1A /* Date+ActivityFormatting.swift in Sources */,
				22C198B92F7809AE00555D41 /* UserProfileSheet.swift in Sources */,
				2210B20E2F7EC8AE0015CB1A /* DashboardViewModel.swift in Sources */,
				AA11B3102F9EC1230015CB1A /* AllActivitiesView.swift in Sources */,
				22C198BA2F7809AE00555D41 /* EditProfileSheet.swift in Sources */,
				2224E8E12F6837DA008B556F /* ListenerManager.swift in Sources */,
				2224E8DF2F6837BE008B556F /* ServiceValidator.swift in Sources */,
				226B50142F65D05900C09676 /* ErrorHandler.swift in Sources */,
				226B50152F65D05900C09676 /* AppError.swift in Sources */,
				22FD36CC2F56F64D00AF3127 /* OnboardingView.swift in Sources */,
				2236A1712F50949000A7A19F /* Semantic Colors.swift in Sources */,
				227C499B2F6D5982001E2381 /* MyAddressesView.swift in Sources */,
				2236A1722F50949000A7A19F /* Tokens.swift in Sources */,
				22C198CC2F79759400555D41 /* FCMService.swift in Sources */,
				22C198CD2F79759400555D41 /* NotificationCardView.swift in Sources */,
				22C198CE2F79759400555D41 /* NotificationBadgeView.swift in Sources */,
				22C198CF2F79759400555D41 /* NotificationsStore.swift in Sources */,
				22C198D02F79759400555D41 /* NotificationDrawerView.swift in Sources */,
				224421CE2F63226D00241E1C /* CarouselCard.swift in Sources */,
				2236A1732F50949000A7A19F /* ServiceCard.swift in Sources */,
				224422062F634EBE00241E1C /* TypingIndicator.swift in Sources */,
				224422072F634EBE00241E1C /* Conversation.swift in Sources */,
				224422082F634EBE00241E1C /* Message.swift in Sources */,
				224422252F64397F00241E1C /* JobServiceFirestoreMapper.swift in Sources */,
				224422262F64397F00241E1C /* ServiceActivity.swift in Sources */,
				224422282F64397F00241E1C /* JobService+SampleData.swift in Sources */,
				224422162F63500B00241E1C /* ChatDetailView.swift in Sources */,
				224422172F63500B00241E1C /* ChatListView.swift in Sources */,
				224421EA2F63393F00241E1C /* StarRatingPicker.swift in Sources */,
				224421EB2F63393F00241E1C /* AppliedServiceCard.swift in Sources */,
				224421ED2F63393F00241E1C /* ReviewCard.swift in Sources */,
				224421EE2F63393F00241E1C /* ReviewSummaryView.swift in Sources */,
				224421EF2F63393F00241E1C /* ApplicationStatusBadge.swift in Sources */,
				2244220E2F634F4700241E1C /* NotificationService.swift in Sources */,
				224421AF2F6066E800241E1C /* ServicesStore.swift in Sources */,
				22FD36FC2F5741B200AF3127 /* CreateJobViewModel.swift in Sources */,
				22C198BD2F784C0E00555D41 /* CustomCalendarWithJobIndicators.swift in Sources */,
				2236A1B22F5321E300A7A19F /* ApplicationsStore.swift in Sources */,
				222517542F7B092000F99714 /* ServiceListCard.swift in Sources */,
				224421BD2F62CD3600241E1C /* ServiceImage.swift in Sources */,
				224421BE2F62CD3600241E1C /* ServiceCategoryType.swift in Sources */,
				226B50262F66234D00C09676 /* ErrorStateView.swift in Sources */,
				226B50272F66234D00C09676 /* ServiceCategoryCard.swift in Sources */,
				224421BF2F62CD3600241E1C /* ServiceStatus.swift in Sources */,
				224421C02F62CD3600241E1C /* ServiceLocation.swift in Sources */,
				2236A1BA2F53220400A7A19F /* ApplicationBadge.swift in Sources */,
				22C198C22F7974E100555D41 /* Notification.swift in Sources */,
				22C198C32F7974E100555D41 /* NotificationType.swift in Sources */,
				224421C92F63079B00241E1C /* HomeActivityCard.swift in Sources */,
				224421FC2F63435300241E1C /* myJobs.swift in Sources */,
				2236A1B32F5321E300A7A19F /* User.swift in Sources */,
				2236A1B42F5321E300A7A19F /* AuthenticationManager.swift in Sources */,
				224421C72F6304BB00241E1C /* WalletSheet.swift in Sources */,
				2244222D2F6439AD00241E1C /* User+Formatting.swift in Sources */,
				2244222E2F6439AD00241E1C /* UserScoreCalculator.swift in Sources */,
				2225174C2F7AD40C00F99714 /* StateKey.swift in Sources */,
				2244222F2F6439AD00241E1C /* UserValueObjects.swift in Sources */,
				224422302F6439AD00241E1C /* User+Permissions.swift in Sources */,
				22C198D52F79784100555D41 /* NotificationsStoreKey.swift in Sources */,
				22C198D22F7975AF00555D41 /* NotificationPreferences.swift in Sources */,
				224421D62F63368D00241E1C /* Review.swift in Sources */,
				2244224C2F643FE000241E1C /* Transaction.swift in Sources */,
				2244224D2F643FE000241E1C /* WalletStore.swift in Sources */,
				224421D72F63368D00241E1C /* ReviewsStore.swift in Sources */,
				2210B2282F7FFBEE0015CB1A /* SearchViewModel.swift in Sources */,
				2236A1B52F5321E300A7A19F /* StorageService.swift in Sources */,
				22FD36F42F57418600AF3127 /* ConfettiView.swift in Sources */,
				22FD36F52F57418600AF3127 /* CreateJobSheet.swift in Sources */,
				224421B52F61DE9D00241E1C /* UserCache.swift in Sources */,
				224422012F634D8400241E1C /* CreateJobTab6.swift in Sources */,
				22FD36F62F57418600AF3127 /* CreateJobTab4.swift in Sources */,
				224422112F634FE100241E1C /* MessageBubble.swift in Sources */,
				224422382F643AB700241E1C /* ProfileViewModel.swift in Sources */,
				22C198B62F78099D00555D41 /* ProfileCompletionPopup.swift in Sources */,
				226B500C2F658D0B00C09676 /* CreateJobSummaryModal.swift in Sources */,
				226B500D2F658D0B00C09676 /* JobPublishedSuccessModal.swift in Sources */,
				226B501B2F65D0B600C09676 /* StorageProvider.swift in Sources */,
				226B501C2F65D0B600C09676 /* FirestoreProvider.swift in Sources */,
				224422392F643AB700241E1C /* AccountMenuSection.swift in Sources */,
				2244223A2F643AB700241E1C /* WorkManagementSection.swift in Sources */,
				2244223B2F643AB700241E1C /* ProfileHeaderView.swift in Sources */,
				226B50092F646C1B00C09676 /* AppContainer.swift in Sources */,
				2244223C2F643AB700241E1C /* RoleSwitcherView.swift in Sources */,
				224422122F634FE100241E1C /* TypingIndicatorView.swift in Sources */,
				2225174A2F7AD2F200F99714 /* AuthProvider.swift in Sources */,
				22FD36F72F57418600AF3127 /* CreateJobTab1.swift in Sources */,
				22FD36F82F57418600AF3127 /* CreateJobTab3.swift in Sources */,
				22C198B42F78097E00555D41 /* ApplicantCard.swift in Sources */,
				22A1B3C12F9000AA00BB1234 /* HireRoleRow.swift in Sources */,
				2225174E2F7B001600F99714 /* ProviderCoordinator.swift in Sources */,
				224422432F643ADC00241E1C /* InputState.swift in Sources */,
				224422442F643ADC00241E1C /* BrandPasswordField.swift in Sources */,
				224422452F643ADC00241E1C /* BrandSearchField.swift in Sources */,
				224422462F643ADC00241E1C /* BrandNumericalField.swift in Sources */,
				224422472F643ADC00241E1C /* BrandTextEditor.swift in Sources */,
				224422482F643ADC00241E1C /* BrandTextField.swift in Sources */,
				22FD36F92F57418600AF3127 /* CreateJobTab5.swift in Sources */,
				2244220C2F634EFC00241E1C /* ConversationsStore.swift in Sources */,
				22FD36FA2F57418600AF3127 /* CreateJobTab2.swift in Sources */,
				22FD36EB2F573A7600AF3127 /* SectionHeader.swift in Sources */,
				224421F72F633AEA00241E1C /* SubmitReviewSheet.swift in Sources */,
				2236A1B62F5321E300A7A19F /* JobApplication.swift in Sources */,
				2244221E2F63523F00241E1C /* AppCoordinator.swift in Sources */,
				2244221F2F63523F00241E1C /* NavigationDestinations.swift in Sources */,
				224422202F63523F00241E1C /* StudentCoordinator.swift in Sources */,
				2236A1B72F5321E300A7A19F /* FirestoreService.swift in Sources */,
				22FD36E22F571CE800AF3127 /* HomeView.swift in Sources */,
				224421D92F6337CC00241E1C /* ServiceCompletionView.swift in Sources */,
				22FD35F52F55F5CE00AF3127 /* LaunchScreen.swift in Sources */,
				2210B22C2F7FFC030015CB1A /* CompletionRequestBanner.swift in Sources */,
				224421B12F60784600241E1C /* RoleOptionCard.swift in Sources */,
				22FD36DB2F57168300AF3127 /* AppStateManager.swift in Sources */,
				22FD36DC2F57168300AF3127 /* MainView.swift in Sources */,
				22FD36DD2F57168300AF3127 /* SaadniApp.swift in Sources */,
				2236A1D32F53281E00A7A19F /* AuthenticationView.swift in Sources */,
				2236A1862F50949000A7A19F /* ServiceDetailView.swift in Sources */,
				2236A1872F50949000A7A19F /* BrowseJobs.swift in Sources */,
				2236A1882F50949000A7A19F /* ChatView.swift in Sources */,
				2236A1892F50949000A7A19F /* DashboardView.swift in Sources */,
				224421B32F61DDA400241E1C /* JobService.swift in Sources */,
				2236A18A2F50949000A7A19F /* AppliedJobsView.swift in Sources */,
				2236A18B2F50949000A7A19F /* ProfileView.swift in Sources */,
				224421FE2F633B0000241E1C /* CompletedServicesView.swift in Sources */,
				224421FF2F633B0000241E1C /* UserReviewsView.swift in Sources */,
				2210B2222F7FFB7D0015CB1A /* PostJobReviewSheet.swift in Sources */,
				2210B2232F7FFB7D0015CB1A /* CompletionConfirmationSheet.swift in Sources */,
				2210B2242F7FFB7D0015CB1A /* MarkJobDoneView.swift in Sources */,
				67F896F47A8A27668A50486B /* ApplyJobSheet.swift in Sources */,
				15D268A29E1CF5BCE1F3DE1A /* ServiceDetailViewModel.swift in Sources */,
				2210B22A2F7FFBF40015CB1A /* ChatDetailViewModel.swift in Sources */,
			);
			runOnlyForDeploymentPostprocessing = 0;
		};
/* End PBXSourcesBuildPhase section */

/* Begin XCBuildConfiguration section */
		228B2C872F36048A00A4441B /* Debug */ = {
			isa = XCBuildConfiguration;
			buildSettings = {
				ALWAYS_SEARCH_USER_PATHS = NO;
				ASSETCATALOG_COMPILER_GENERATE_SWIFT_ASSET_SYMBOL_EXTENSIONS = YES;
				CLANG_ANALYZER_LOCALIZABILITY_NONLOCALIZED = YES;
				CLANG_ANALYZER_NONNULL = YES;
				CLANG_ANALYZER_NUMBER_OBJECT_CONVERSION = YES_AGGRESSIVE;
				CLANG_CXX_LANGUAGE_STANDARD = "gnu++20";
				CLANG_ENABLE_MODULES = YES;
				CLANG_ENABLE_OBJC_ARC = YES;
				CLANG_ENABLE_OBJC_WEAK = YES;
				CLANG_WARN_BLOCK_CAPTURE_AUTORELEASING = YES;
				CLANG_WARN_BOOL_CONVERSION = YES;
				CLANG_WARN_COMMA = YES;
				CLANG_WARN_CONSTANT_CONVERSION = YES;
				CLANG_WARN_DEPRECATED_OBJC_IMPLEMENTATIONS = YES;
				CLANG_WARN_DIRECT_OBJC_ISA_USAGE = YES_ERROR;
				CLANG_WARN_DOCUMENTATION_COMMENTS = YES;
				CLANG_WARN_EMPTY_BODY = YES;
				CLANG_WARN_ENUM_CONVERSION = YES;
				CLANG_WARN_INFINITE_RECURSION = YES;
				CLANG_WARN_INT_CONVERSION = YES;
				CLANG_WARN_NON_LITERAL_NULL_CONVERSION = YES;
				CLANG_WARN_OBJC_IMPLICIT_RETAIN_SELF = YES;
				CLANG_WARN_OBJC_LITERAL_CONVERSION = YES;
				CLANG_WARN_OBJC_ROOT_CLASS = YES_ERROR;
				CLANG_WARN_QUOTED_INCLUDE_IN_FRAMEWORK_HEADER = YES;
				CLANG_WARN_RANGE_LOOP_ANALYSIS = YES;
				CLANG_WARN_STRICT_PROTOTYPES = YES;
				CLANG_WARN_SUSPICIOUS_MOVE = YES;
				CLANG_WARN_UNGUARDED_AVAILABILITY = YES_AGGRESSIVE;
				CLANG_WARN_UNREACHABLE_CODE = YES;
				CLANG_WARN__DUPLICATE_METHOD_MATCH = YES;
				COPY_PHASE_STRIP = NO;
				DEBUG_INFORMATION_FORMAT = dwarf;
				DEVELOPMENT_TEAM = VH2NKLHXDK;
				ENABLE_STRICT_OBJC_MSGSEND = YES;
				ENABLE_TESTABILITY = YES;
				ENABLE_USER_SCRIPT_SANDBOXING = YES;
				GCC_C_LANGUAGE_STANDARD = gnu17;
				GCC_DYNAMIC_NO_PIC = NO;
				GCC_NO_COMMON_BLOCKS = YES;
				GCC_OPTIMIZATION_LEVEL = 0;
				GCC_PREPROCESSOR_DEFINITIONS = (
					"DEBUG=1",
					"$(inherited)",
				);
				GCC_WARN_64_TO_32_BIT_CONVERSION = YES;
				GCC_WARN_ABOUT_RETURN_TYPE = YES_ERROR;
				GCC_WARN_UNDECLARED_SELECTOR = YES;
				GCC_WARN_UNINITIALIZED_AUTOS = YES_AGGRESSIVE;
				GCC_WARN_UNUSED_FUNCTION = YES;
				GCC_WARN_UNUSED_VARIABLE = YES;
				IPHONEOS_DEPLOYMENT_TARGET = 26.2;
				LOCALIZATION_PREFERS_STRING_CATALOGS = YES;
				MTL_ENABLE_DEBUG_INFO = INCLUDE_SOURCE;
				MTL_FAST_MATH = YES;
				ONLY_ACTIVE_ARCH = YES;
				SDKROOT = iphoneos;
				STRING_CATALOG_GENERATE_SYMBOLS = YES;
				SWIFT_ACTIVE_COMPILATION_CONDITIONS = "DEBUG $(inherited)";
				SWIFT_EMIT_LOC_STRINGS = YES;
				SWIFT_OPTIMIZATION_LEVEL = "-Onone";
			};
			name = Debug;
		};
		228B2C882F36048A00A4441B /* Release */ = {
			isa = XCBuildConfiguration;
			buildSettings = {
				ALWAYS_SEARCH_USER_PATHS = NO;
				ASSETCATALOG_COMPILER_GENERATE_SWIFT_ASSET_SYMBOL_EXTENSIONS = YES;
				CLANG_ANALYZER_LOCALIZABILITY_NONLOCALIZED = YES;
				CLANG_ANALYZER_NONNULL = YES;
				CLANG_ANALYZER_NUMBER_OBJECT_CONVERSION = YES_AGGRESSIVE;
				CLANG_CXX_LANGUAGE_STANDARD = "gnu++20";
				CLANG_ENABLE_MODULES = YES;
				CLANG_ENABLE_OBJC_ARC = YES;
				CLANG_ENABLE_OBJC_WEAK = YES;
				CLANG_WARN_BLOCK_CAPTURE_AUTORELEASING = YES;
				CLANG_WARN_BOOL_CONVERSION = YES;
				CLANG_WARN_COMMA = YES;
				CLANG_WARN_CONSTANT_CONVERSION = YES;
				CLANG_WARN_DEPRECATED_OBJC_IMPLEMENTATIONS = YES;
				CLANG_WARN_DIRECT_OBJC_ISA_USAGE = YES_ERROR;
				CLANG_WARN_DOCUMENTATION_COMMENTS = YES;
				CLANG_WARN_EMPTY_BODY = YES;
				CLANG_WARN_ENUM_CONVERSION = YES;
				CLANG_WARN_INFINITE_RECURSION = YES;
				CLANG_WARN_INT_CONVERSION = YES;
				CLANG_WARN_NON_LITERAL_NULL_CONVERSION = YES;
				CLANG_WARN_OBJC_IMPLICIT_RETAIN_SELF = YES;
				CLANG_WARN_OBJC_LITERAL_CONVERSION = YES;
				CLANG_WARN_OBJC_ROOT_CLASS = YES_ERROR;
				CLANG_WARN_QUOTED_INCLUDE_IN_FRAMEWORK_HEADER = YES;
				CLANG_WARN_RANGE_LOOP_ANALYSIS = YES;
				CLANG_WARN_STRICT_PROTOTYPES = YES;
				CLANG_WARN_SUSPICIOUS_MOVE = YES;
				CLANG_WARN_UNGUARDED_AVAILABILITY = YES_AGGRESSIVE;
				CLANG_WARN_UNREACHABLE_CODE = YES;
				CLANG_WARN__DUPLICATE_METHOD_MATCH = YES;
				COPY_PHASE_STRIP = NO;
				DEBUG_INFORMATION_FORMAT = "dwarf-with-dsym";
				DEVELOPMENT_TEAM = VH2NKLHXDK;
				ENABLE_NS_ASSERTIONS = NO;
				ENABLE_STRICT_OBJC_MSGSEND = YES;
				ENABLE_USER_SCRIPT_SANDBOXING = YES;
				GCC_C_LANGUAGE_STANDARD = gnu17;
				GCC_NO_COMMON_BLOCKS = YES;
				GCC_WARN_64_TO_32_BIT_CONVERSION = YES;
				GCC_WARN_ABOUT_RETURN_TYPE = YES_ERROR;
				GCC_WARN_UNDECLARED_SELECTOR = YES;
				GCC_WARN_UNINITIALIZED_AUTOS = YES_AGGRESSIVE;
				GCC_WARN_UNUSED_FUNCTION = YES;
				GCC_WARN_UNUSED_VARIABLE = YES;
				IPHONEOS_DEPLOYMENT_TARGET = 26.2;
				LOCALIZATION_PREFERS_STRING_CATALOGS = YES;
				MTL_ENABLE_DEBUG_INFO = NO;
				MTL_FAST_MATH = YES;
				SDKROOT = iphoneos;
				STRING_CATALOG_GENERATE_SYMBOLS = YES;
				SWIFT_COMPILATION_MODE = wholemodule;
				SWIFT_EMIT_LOC_STRINGS = YES;
				VALIDATE_PRODUCT = YES;
			};
			name = Release;
		};
		228B2C8A2F36048A00A4441B /* Debug */ = {
			isa = XCBuildConfiguration;
			buildSettings = {
				ASSETCATALOG_COMPILER_APPICON_NAME = Saadni;
				ASSETCATALOG_COMPILER_GLOBAL_ACCENT_COLOR_NAME = AccentColor;
				CODE_SIGN_ENTITLEMENTS = Saadni/Core/Resources/Saadni.entitlements;
				CODE_SIGN_STYLE = Automatic;
				CURRENT_PROJECT_VERSION = 1;
				DEVELOPMENT_TEAM = VH2NKLHXDK;
				ENABLE_PREVIEWS = YES;
				GENERATE_INFOPLIST_FILE = YES;
				INFOPLIST_FILE = Saadni/Core/Resources/Info.plist;
				INFOPLIST_KEY_CFBundleDisplayName = Saedny;
				INFOPLIST_KEY_LSApplicationCategoryType = "public.app-category.lifestyle";
				INFOPLIST_KEY_NSCameraUsageDescription = "We would like to take a photo using your camera.";
				INFOPLIST_KEY_UIApplicationSceneManifest_Generation = YES;
				INFOPLIST_KEY_UIApplicationSupportsIndirectInputEvents = YES;
				INFOPLIST_KEY_UILaunchScreen_Generation = YES;
				INFOPLIST_KEY_UISupportedInterfaceOrientations_iPad = "UIInterfaceOrientationPortrait UIInterfaceOrientationPortraitUpsideDown UIInterfaceOrientationLandscapeLeft UIInterfaceOrientationLandscapeRight";
				INFOPLIST_KEY_UISupportedInterfaceOrientations_iPhone = "UIInterfaceOrientationPortrait UIInterfaceOrientationLandscapeLeft UIInterfaceOrientationLandscapeRight";
				IPHONEOS_DEPLOYMENT_TARGET = 17.6;
				LD_RUNPATH_SEARCH_PATHS = (
					"$(inherited)",
					"@executable_path/Frameworks",
				);
				MARKETING_VERSION = 1.0.0;
				PRODUCT_BUNDLE_IDENTIFIER = com.pavlypaules.saadni;
				PRODUCT_NAME = "$(TARGET_NAME)";
				STRING_CATALOG_GENERATE_SYMBOLS = YES;
				SUPPORTED_PLATFORMS = "iphoneos iphonesimulator";
				SUPPORTS_MACCATALYST = NO;
				SUPPORTS_MAC_DESIGNED_FOR_IPHONE_IPAD = NO;
				SUPPORTS_XR_DESIGNED_FOR_IPHONE_IPAD = NO;
				SWIFT_APPROACHABLE_CONCURRENCY = YES;
				SWIFT_DEFAULT_ACTOR_ISOLATION = MainActor;
				SWIFT_EMIT_LOC_STRINGS = YES;
				SWIFT_UPCOMING_FEATURE_MEMBER_IMPORT_VISIBILITY = YES;
				SWIFT_VERSION = 5.0;
				TARGETED_DEVICE_FAMILY = 1;
			};
			name = Debug;
		};
		228B2C8B2F36048A00A4441B /* Release */ = {
			isa = XCBuildConfiguration;
			buildSettings = {
				ASSETCATALOG_COMPILER_APPICON_NAME = Saadni;
				ASSETCATALOG_COMPILER_GLOBAL_ACCENT_COLOR_NAME = AccentColor;
				CODE_SIGN_ENTITLEMENTS = Saadni/Core/Resources/Saadni.entitlements;
				CODE_SIGN_STYLE = Automatic;
				CURRENT_PROJECT_VERSION = 1;
				DEVELOPMENT_TEAM = VH2NKLHXDK;
				ENABLE_PREVIEWS = YES;
				GENERATE_INFOPLIST_FILE = YES;
				INFOPLIST_FILE = Saadni/Core/Resources/Info.plist;
				INFOPLIST_KEY_CFBundleDisplayName = Saedny;
				INFOPLIST_KEY_LSApplicationCategoryType = "public.app-category.lifestyle";
				INFOPLIST_KEY_NSCameraUsageDescription = "We would like to take a photo using your camera.";
				INFOPLIST_KEY_UIApplicationSceneManifest_Generation = YES;
				INFOPLIST_KEY_UIApplicationSupportsIndirectInputEvents = YES;
				INFOPLIST_KEY_UILaunchScreen_Generation = YES;
				INFOPLIST_KEY_UISupportedInterfaceOrientations_iPad = "UIInterfaceOrientationPortrait UIInterfaceOrientationPortraitUpsideDown UIInterfaceOrientationLandscapeLeft UIInterfaceOrientationLandscapeRight";
				INFOPLIST_KEY_UISupportedInterfaceOrientations_iPhone = "UIInterfaceOrientationPortrait UIInterfaceOrientationLandscapeLeft UIInterfaceOrientationLandscapeRight";
				IPHONEOS_DEPLOYMENT_TARGET = 17.6;
				LD_RUNPATH_SEARCH_PATHS = (
					"$(inherited)",
					"@executable_path/Frameworks",
				);
				MARKETING_VERSION = 1.0.0;
				PRODUCT_BUNDLE_IDENTIFIER = com.pavlypaules.saadni;
				PRODUCT_NAME = "$(TARGET_NAME)";
				STRING_CATALOG_GENERATE_SYMBOLS = YES;
				SUPPORTED_PLATFORMS = "iphoneos iphonesimulator";
				SUPPORTS_MACCATALYST = NO;
				SUPPORTS_MAC_DESIGNED_FOR_IPHONE_IPAD = NO;
				SUPPORTS_XR_DESIGNED_FOR_IPHONE_IPAD = NO;
				SWIFT_APPROACHABLE_CONCURRENCY = YES;
				SWIFT_DEFAULT_ACTOR_ISOLATION = MainActor;
				SWIFT_EMIT_LOC_STRINGS = YES;
				SWIFT_UPCOMING_FEATURE_MEMBER_IMPORT_VISIBILITY = YES;
				SWIFT_VERSION = 5.0;
				TARGETED_DEVICE_FAMILY = 1;
			};
			name = Release;
		};
/* End XCBuildConfiguration section */

/* Begin XCConfigurationList section */
		228B2C792F36048800A4441B /* Build configuration list for PBXProject "Saadni" */ = {
			isa = XCConfigurationList;
			buildConfigurations = (
				228B2C872F36048A00A4441B /* Debug */,
				228B2C882F36048A00A4441B /* Release */,
			);
			defaultConfigurationIsVisible = 0;
			defaultConfigurationName = Release;
		};
		228B2C892F36048A00A4441B /* Build configuration list for PBXNativeTarget "Saadni" */ = {
			isa = XCConfigurationList;
			buildConfigurations = (
				228B2C8A2F36048A00A4441B /* Debug */,
				228B2C8B2F36048A00A4441B /* Release */,
			);
			defaultConfigurationIsVisible = 0;
			defaultConfigurationName = Release;
		};
/* End XCConfigurationList section */

/* Begin XCRemoteSwiftPackageReference section */
		2236A1982F50ADED00A7A19F /* XCRemoteSwiftPackageReference "firebase-ios-sdk" */ = {
			isa = XCRemoteSwiftPackageReference;
			repositoryURL = "https://github.com/firebase/firebase-ios-sdk";
			requirement = {
				kind = upToNextMajorVersion;
				minimumVersion = 12.10.0;
			};
		};
		226B500E2F65A5F700C09676 /* XCRemoteSwiftPackageReference "Kingfisher" */ = {
			isa = XCRemoteSwiftPackageReference;
			repositoryURL = "https://github.com/onevcat/Kingfisher.git";
			requirement = {
				kind = upToNextMajorVersion;
				minimumVersion = 8.8.0;
			};
		};
/* End XCRemoteSwiftPackageReference section */

/* Begin XCSwiftPackageProductDependency section */
		2236A1992F50ADED00A7A19F /* FirebaseAuth */ = {
			isa = XCSwiftPackageProductDependency;
			package = 2236A1982F50ADED00A7A19F /* XCRemoteSwiftPackageReference "firebase-ios-sdk" */;
			productName = FirebaseAuth;
		};
		2236A19B2F50ADED00A7A19F /* FirebaseCore */ = {
			isa = XCSwiftPackageProductDependency;
			package = 2236A1982F50ADED00A7A19F /* XCRemoteSwiftPackageReference "firebase-ios-sdk" */;
			productName = FirebaseCore;
		};
		2236A19D2F50ADED00A7A19F /* FirebaseDatabase */ = {
			isa = XCSwiftPackageProductDependency;
			package = 2236A1982F50ADED00A7A19F /* XCRemoteSwiftPackageReference "firebase-ios-sdk" */;
			productName = FirebaseDatabase;
		};
		2236A19F2F50ADED00A7A19F /* FirebaseFirestore */ = {
			isa = XCSwiftPackageProductDependency;
			package = 2236A1982F50ADED00A7A19F /* XCRemoteSwiftPackageReference "firebase-ios-sdk" */;
			productName = FirebaseFirestore;
		};
		2236A1A12F50ADED00A7A19F /* FirebaseMessaging */ = {
			isa = XCSwiftPackageProductDependency;
			package = 2236A1982F50ADED00A7A19F /* XCRemoteSwiftPackageReference "firebase-ios-sdk" */;
			productName = FirebaseMessaging;
		};
		2236A1A32F50ADED00A7A19F /* FirebaseRemoteConfig */ = {
			isa = XCSwiftPackageProductDependency;
			package = 2236A1982F50ADED00A7A19F /* XCRemoteSwiftPackageReference "firebase-ios-sdk" */;
			productName = FirebaseRemoteConfig;
		};
		2236A1A52F50ADED00A7A19F /* FirebaseStorage */ = {
			isa = XCSwiftPackageProductDependency;
			package = 2236A1982F50ADED00A7A19F /* XCRemoteSwiftPackageReference "firebase-ios-sdk" */;
			productName = FirebaseStorage;
		};
		226B500F2F65A5F700C09676 /* Kingfisher */ = {
			isa = XCSwiftPackageProductDependency;
			package = 226B500E2F65A5F700C09676 /* XCRemoteSwiftPackageReference "Kingfisher" */;
			productName = Kingfisher;
		};
/* End XCSwiftPackageProductDependency section */
	};
	rootObject = 228B2C762F36048800A4441B /* Project object */;
}
